// !$*UTF8*$!
{
	archiveVersion = 1;
	classes = {
	};
	objectVersion = 48;
	objects = {

/* Begin PBXBuildFile section */
		E904F37C1FEB53F500E156ED /* CDLabel.m in Sources */ = {isa = PBXBuildFile; fileRef = E904F3381FEB53F400E156ED /* CDLabel.m */; };
		E904F37D1FEB53F500E156ED /* CoreTextUtils.m in Sources */ = {isa = PBXBuildFile; fileRef = E904F33A1FEB53F400E156ED /* CoreTextUtils.m */; };
		E904F37E1FEB53F500E156ED /* CTHelper.m in Sources */ = {isa = PBXBuildFile; fileRef = E904F33B1FEB53F400E156ED /* CTHelper.m */; };
		E904F37F1FEB53F500E156ED /* CDTextParser.m in Sources */ = {isa = PBXBuildFile; fileRef = E904F33C1FEB53F400E156ED /* CDTextParser.m */; };
		E904F3801FEB53F500E156ED /* CTData.m in Sources */ = {isa = PBXBuildFile; fileRef = E904F3421FEB53F400E156ED /* CTData.m */; };
		E904F3811FEB53F500E156ED /* CTClickInfo.m in Sources */ = {isa = PBXBuildFile; fileRef = E904F3431FEB53F400E156ED /* CTClickInfo.m */; };
		E904F3821FEB53F500E156ED /* MagnifiterView.m in Sources */ = {isa = PBXBuildFile; fileRef = E904F3481FEB53F400E156ED /* MagnifiterView.m */; };
		E904F3831FEB53F500E156ED /* CellCaculator.m in Sources */ = {isa = PBXBuildFile; fileRef = E904F34C1FEB53F400E156ED /* CellCaculator.m */; };
		E904F3841FEB53F500E156ED /* ChatImageDrawer.m in Sources */ = {isa = PBXBuildFile; fileRef = E904F34F1FEB53F400E156ED /* ChatImageDrawer.m */; };
		E904F3851FEB53F500E156ED /* ChatHelpr.m in Sources */ = {isa = PBXBuildFile; fileRef = E904F3501FEB53F400E156ED /* ChatHelpr.m */; };
		E904F3861FEB53F500E156ED /* ChatConfiguration.m in Sources */ = {isa = PBXBuildFile; fileRef = E904F3541FEB53F400E156ED /* ChatConfiguration.m */; };
		E904F38F1FEB53F500E156ED /* CDChatList.m in Sources */ = {isa = PBXBuildFile; fileRef = E904F36C1FEB53F400E156ED /* CDChatList.m */; };
		E904F3901FEB53F500E156ED /* CDTextTableViewCell.m in Sources */ = {isa = PBXBuildFile; fileRef = E904F36F1FEB53F400E156ED /* CDTextTableViewCell.m */; };
		E904F3911FEB53F500E156ED /* CDImageTableViewCell.m in Sources */ = {isa = PBXBuildFile; fileRef = E904F3721FEB53F400E156ED /* CDImageTableViewCell.m */; };
		E904F3921FEB53F500E156ED /* CDSystemTableViewCell.m in Sources */ = {isa = PBXBuildFile; fileRef = E904F3741FEB53F400E156ED /* CDSystemTableViewCell.m */; };
		E904F3931FEB53F500E156ED /* CDBaseMsgCell.m in Sources */ = {isa = PBXBuildFile; fileRef = E904F3751FEB53F400E156ED /* CDBaseMsgCell.m */; };
		E904F3941FEB53F500E156ED /* ChatListInfo.m in Sources */ = {isa = PBXBuildFile; fileRef = E904F3771FEB53F400E156ED /* ChatListInfo.m */; };
		E904F5461FEB5AD100E156ED /* AATChatList.h in CopyFiles */ = {isa = PBXBuildFile; fileRef = E904F37A1FEB53F500E156ED /* AATChatList.h */; };
		E904F5721FEB5AD100E156ED /* CDChatList.h in CopyFiles */ = {isa = PBXBuildFile; fileRef = E904F3551FEB53F400E156ED /* CDChatList.h */; };
		E904F5731FEB5AD100E156ED /* CDChatListHeaders.h in CopyFiles */ = {isa = PBXBuildFile; fileRef = E904F34D1FEB53F400E156ED /* CDChatListHeaders.h */; };
		E904F5741FEB5AD100E156ED /* CDChatListProtocols.h in CopyFiles */ = {isa = PBXBuildFile; fileRef = E904F3791FEB53F500E156ED /* CDChatListProtocols.h */; };
		E904F5751FEB5AD100E156ED /* CDChatMacro.h in CopyFiles */ = {isa = PBXBuildFile; fileRef = E904F37B1FEB53F500E156ED /* CDChatMacro.h */; };
		E904F5761FEB5AD100E156ED /* CoreTextUtils.h in CopyFiles */ = {isa = PBXBuildFile; fileRef = E904F33D1FEB53F400E156ED /* CoreTextUtils.h */; };
		E904F5771FEB5AD100E156ED /* CTHelper.h in CopyFiles */ = {isa = PBXBuildFile; fileRef = E904F33E1FEB53F400E156ED /* CTHelper.h */; };
		E904F5781FEB5AD100E156ED /* CDTextParser.h in CopyFiles */ = {isa = PBXBuildFile; fileRef = E904F33F1FEB53F400E156ED /* CDTextParser.h */; };
		E904F5791FEB5AD100E156ED /* CTClickInfo.h in CopyFiles */ = {isa = PBXBuildFile; fileRef = E904F3411FEB53F400E156ED /* CTClickInfo.h */; };
		E904F57A1FEB5AD100E156ED /* CTData.h in CopyFiles */ = {isa = PBXBuildFile; fileRef = E904F3441FEB53F400E156ED /* CTData.h */; };
		E904F57B1FEB5AD100E156ED /* CDLabel.h in CopyFiles */ = {isa = PBXBuildFile; fileRef = E904F3451FEB53F400E156ED /* CDLabel.h */; };
		E904F57C1FEB5AD100E156ED /* MagnifiterView.h in CopyFiles */ = {isa = PBXBuildFile; fileRef = E904F3471FEB53F400E156ED /* MagnifiterView.h */; };
		E904F57D1FEB5AD100E156ED /* CDLabelMacro.h in CopyFiles */ = {isa = PBXBuildFile; fileRef = E904F3491FEB53F400E156ED /* CDLabelMacro.h */; };
		E904F57E1FEB5AD100E156ED /* CellCaculator.h in CopyFiles */ = {isa = PBXBuildFile; fileRef = E904F34B1FEB53F400E156ED /* CellCaculator.h */; };
		E904F57F1FEB5AD100E156ED /* ChatConfiguration.h in CopyFiles */ = {isa = PBXBuildFile; fileRef = E904F3511FEB53F400E156ED /* ChatConfiguration.h */; };
		E904F5801FEB5AD100E156ED /* ChatImageDrawer.h in CopyFiles */ = {isa = PBXBuildFile; fileRef = E904F3521FEB53F400E156ED /* ChatImageDrawer.h */; };
		E904F5811FEB5AD100E156ED /* ChatHelpr.h in CopyFiles */ = {isa = PBXBuildFile; fileRef = E904F3531FEB53F400E156ED /* ChatHelpr.h */; };
		E904F5821FEB5AD100E156ED /* ChatListInfo.h in CopyFiles */ = {isa = PBXBuildFile; fileRef = E904F3781FEB53F400E156ED /* ChatListInfo.h */; };
		E904F5831FEB5AD100E156ED /* CDImageTableViewCell.h in CopyFiles */ = {isa = PBXBuildFile; fileRef = E904F36E1FEB53F400E156ED /* CDImageTableViewCell.h */; };
		E904F5841FEB5AD100E156ED /* CDBaseMsgCell.h in CopyFiles */ = {isa = PBXBuildFile; fileRef = E904F3701FEB53F400E156ED /* CDBaseMsgCell.h */; };
		E904F5851FEB5AD100E156ED /* CDSystemTableViewCell.h in CopyFiles */ = {isa = PBXBuildFile; fileRef = E904F3711FEB53F400E156ED /* CDSystemTableViewCell.h */; };
		E904F5861FEB5AD100E156ED /* CDTextTableViewCell.h in CopyFiles */ = {isa = PBXBuildFile; fileRef = E904F3731FEB53F400E156ED /* CDTextTableViewCell.h */; };
		E904F68F1FEB65BA00E156ED /* libAATUtility.a in Frameworks */ = {isa = PBXBuildFile; fileRef = E904F6901FEB65BA00E156ED /* libAATUtility.a */; };
		E904F7121FEB835100E156ED /* CTinputHelper.m in Sources */ = {isa = PBXBuildFile; fileRef = E904F6FF1FEB835100E156ED /* CTinputHelper.m */; };
		E904F7131FEB835100E156ED /* CTInputBoxDrawer.m in Sources */ = {isa = PBXBuildFile; fileRef = E904F7011FEB835100E156ED /* CTInputBoxDrawer.m */; };
		E904F7141FEB835100E156ED /* CTInputConfiguration.m in Sources */ = {isa = PBXBuildFile; fileRef = E904F7021FEB835100E156ED /* CTInputConfiguration.m */; };
		E904F7151FEB835100E156ED /* CTInputView.m in Sources */ = {isa = PBXBuildFile; fileRef = E904F7041FEB835100E156ED /* CTInputView.m */; };
		E904F7161FEB835100E156ED /* CTInputCaculator.m in Sources */ = {isa = PBXBuildFile; fileRef = E904F7071FEB835100E156ED /* CTInputCaculator.m */; };
		E904F7171FEB835100E156ED /* CTMoreKeyBoard.m in Sources */ = {isa = PBXBuildFile; fileRef = E904F70E1FEB835100E156ED /* CTMoreKeyBoard.m */; };
		E904F7181FEB835100E156ED /* CTEmojiKeyboard.m in Sources */ = {isa = PBXBuildFile; fileRef = E904F70F1FEB835100E156ED /* CTEmojiKeyboard.m */; };
		E904F7191FEB835100E156ED /* CTTextView.m in Sources */ = {isa = PBXBuildFile; fileRef = E904F7101FEB835100E156ED /* CTTextView.m */; };
		E9DEE2A51FED00A9009D02AC /* CTinputHelper.h in CopyFiles */ = {isa = PBXBuildFile; fileRef = E904F7031FEB835100E156ED /* CTinputHelper.h */; };
/* End PBXBuildFile section */

/* Begin PBXCopyFilesBuildPhase section */
		E904F3291FEB53C900E156ED /* CopyFiles */ = {
			isa = PBXCopyFilesBuildPhase;
			buildActionMask = 2147483647;
			dstPath = "include/$(PRODUCT_NAME)";
			dstSubfolderSpec = 16;
			files = (
				E9DEE2A51FED00A9009D02AC /* CTinputHelper.h in CopyFiles */,
				E904F5461FEB5AD100E156ED /* AATChatList.h in CopyFiles */,
				E904F5721FEB5AD100E156ED /* CDChatList.h in CopyFiles */,
				E904F5731FEB5AD100E156ED /* CDChatListHeaders.h in CopyFiles */,
				E904F5741FEB5AD100E156ED /* CDChatListProtocols.h in CopyFiles */,
				E904F5751FEB5AD100E156ED /* CDChatMacro.h in CopyFiles */,
				E904F5761FEB5AD100E156ED /* CoreTextUtils.h in CopyFiles */,
				E904F5771FEB5AD100E156ED /* CTHelper.h in CopyFiles */,
				E904F5781FEB5AD100E156ED /* CDTextParser.h in CopyFiles */,
				E904F5791FEB5AD100E156ED /* CTClickInfo.h in CopyFiles */,
				E904F57A1FEB5AD100E156ED /* CTData.h in CopyFiles */,
				E904F57B1FEB5AD100E156ED /* CDLabel.h in CopyFiles */,
				E904F57C1FEB5AD100E156ED /* MagnifiterView.h in CopyFiles */,
				E904F57D1FEB5AD100E156ED /* CDLabelMacro.h in CopyFiles */,
				E904F57E1FEB5AD100E156ED /* CellCaculator.h in CopyFiles */,
				E904F57F1FEB5AD100E156ED /* ChatConfiguration.h in CopyFiles */,
				E904F5801FEB5AD100E156ED /* ChatImageDrawer.h in CopyFiles */,
				E904F5811FEB5AD100E156ED /* ChatHelpr.h in CopyFiles */,
				E904F5821FEB5AD100E156ED /* ChatListInfo.h in CopyFiles */,
				E904F5831FEB5AD100E156ED /* CDImageTableViewCell.h in CopyFiles */,
				E904F5841FEB5AD100E156ED /* CDBaseMsgCell.h in CopyFiles */,
				E904F5851FEB5AD100E156ED /* CDSystemTableViewCell.h in CopyFiles */,
				E904F5861FEB5AD100E156ED /* CDTextTableViewCell.h in CopyFiles */,
			);
			runOnlyForDeploymentPostprocessing = 0;
		};
/* End PBXCopyFilesBuildPhase section */

/* Begin PBXFileReference section */
		E904F32B1FEB53C900E156ED /* libAATChatList.a */ = {isa = PBXFileReference; explicitFileType = archive.ar; includeInIndex = 0; path = libAATChatList.a; sourceTree = BUILT_PRODUCTS_DIR; };
		E904F3381FEB53F400E156ED /* CDLabel.m */ = {isa = PBXFileReference; fileEncoding = 4; lastKnownFileType = sourcecode.c.objc; path = CDLabel.m; sourceTree = "<group>"; };
		E904F33A1FEB53F400E156ED /* CoreTextUtils.m */ = {isa = PBXFileReference; fileEncoding = 4; lastKnownFileType = sourcecode.c.objc; path = CoreTextUtils.m; sourceTree = "<group>"; };
		E904F33B1FEB53F400E156ED /* CTHelper.m */ = {isa = PBXFileReference; fileEncoding = 4; lastKnownFileType = sourcecode.c.objc; path = CTHelper.m; sourceTree = "<group>"; };
		E904F33C1FEB53F400E156ED /* CDTextParser.m */ = {isa = PBXFileReference; fileEncoding = 4; lastKnownFileType = sourcecode.c.objc; path = CDTextParser.m; sourceTree = "<group>"; };
		E904F33D1FEB53F400E156ED /* CoreTextUtils.h */ = {isa = PBXFileReference; fileEncoding = 4; lastKnownFileType = sourcecode.c.h; path = CoreTextUtils.h; sourceTree = "<group>"; };
		E904F33E1FEB53F400E156ED /* CTHelper.h */ = {isa = PBXFileReference; fileEncoding = 4; lastKnownFileType = sourcecode.c.h; path = CTHelper.h; sourceTree = "<group>"; };
		E904F33F1FEB53F400E156ED /* CDTextParser.h */ = {isa = PBXFileReference; fileEncoding = 4; lastKnownFileType = sourcecode.c.h; path = CDTextParser.h; sourceTree = "<group>"; };
		E904F3411FEB53F400E156ED /* CTClickInfo.h */ = {isa = PBXFileReference; fileEncoding = 4; lastKnownFileType = sourcecode.c.h; path = CTClickInfo.h; sourceTree = "<group>"; };
		E904F3421FEB53F400E156ED /* CTData.m */ = {isa = PBXFileReference; fileEncoding = 4; lastKnownFileType = sourcecode.c.objc; path = CTData.m; sourceTree = "<group>"; };
		E904F3431FEB53F400E156ED /* CTClickInfo.m */ = {isa = PBXFileReference; fileEncoding = 4; lastKnownFileType = sourcecode.c.objc; path = CTClickInfo.m; sourceTree = "<group>"; };
		E904F3441FEB53F400E156ED /* CTData.h */ = {isa = PBXFileReference; fileEncoding = 4; lastKnownFileType = sourcecode.c.h; path = CTData.h; sourceTree = "<group>"; };
		E904F3451FEB53F400E156ED /* CDLabel.h */ = {isa = PBXFileReference; fileEncoding = 4; lastKnownFileType = sourcecode.c.h; path = CDLabel.h; sourceTree = "<group>"; };
		E904F3471FEB53F400E156ED /* MagnifiterView.h */ = {isa = PBXFileReference; fileEncoding = 4; lastKnownFileType = sourcecode.c.h; path = MagnifiterView.h; sourceTree = "<group>"; };
		E904F3481FEB53F400E156ED /* MagnifiterView.m */ = {isa = PBXFileReference; fileEncoding = 4; lastKnownFileType = sourcecode.c.objc; path = MagnifiterView.m; sourceTree = "<group>"; };
		E904F3491FEB53F400E156ED /* CDLabelMacro.h */ = {isa = PBXFileReference; fileEncoding = 4; lastKnownFileType = sourcecode.c.h; path = CDLabelMacro.h; sourceTree = "<group>"; };
		E904F34B1FEB53F400E156ED /* CellCaculator.h */ = {isa = PBXFileReference; fileEncoding = 4; lastKnownFileType = sourcecode.c.h; path = CellCaculator.h; sourceTree = "<group>"; };
		E904F34C1FEB53F400E156ED /* CellCaculator.m */ = {isa = PBXFileReference; fileEncoding = 4; lastKnownFileType = sourcecode.c.objc; path = CellCaculator.m; sourceTree = "<group>"; };
		E904F34D1FEB53F400E156ED /* CDChatListHeaders.h */ = {isa = PBXFileReference; fileEncoding = 4; lastKnownFileType = sourcecode.c.h; path = CDChatListHeaders.h; sourceTree = "<group>"; };
		E904F34F1FEB53F400E156ED /* ChatImageDrawer.m */ = {isa = PBXFileReference; fileEncoding = 4; lastKnownFileType = sourcecode.c.objc; path = ChatImageDrawer.m; sourceTree = "<group>"; };
		E904F3501FEB53F400E156ED /* ChatHelpr.m */ = {isa = PBXFileReference; fileEncoding = 4; lastKnownFileType = sourcecode.c.objc; path = ChatHelpr.m; sourceTree = "<group>"; };
		E904F3511FEB53F400E156ED /* ChatConfiguration.h */ = {isa = PBXFileReference; fileEncoding = 4; lastKnownFileType = sourcecode.c.h; path = ChatConfiguration.h; sourceTree = "<group>"; };
		E904F3521FEB53F400E156ED /* ChatImageDrawer.h */ = {isa = PBXFileReference; fileEncoding = 4; lastKnownFileType = sourcecode.c.h; path = ChatImageDrawer.h; sourceTree = "<group>"; };
		E904F3531FEB53F400E156ED /* ChatHelpr.h */ = {isa = PBXFileReference; fileEncoding = 4; lastKnownFileType = sourcecode.c.h; path = ChatHelpr.h; sourceTree = "<group>"; };
		E904F3541FEB53F400E156ED /* ChatConfiguration.m */ = {isa = PBXFileReference; fileEncoding = 4; lastKnownFileType = sourcecode.c.objc; path = ChatConfiguration.m; sourceTree = "<group>"; };
		E904F3551FEB53F400E156ED /* CDChatList.h */ = {isa = PBXFileReference; fileEncoding = 4; lastKnownFileType = sourcecode.c.h; path = CDChatList.h; sourceTree = "<group>"; };
		E904F36C1FEB53F400E156ED /* CDChatList.m */ = {isa = PBXFileReference; fileEncoding = 4; lastKnownFileType = sourcecode.c.objc; path = CDChatList.m; sourceTree = "<group>"; };
		E904F36E1FEB53F400E156ED /* CDImageTableViewCell.h */ = {isa = PBXFileReference; fileEncoding = 4; lastKnownFileType = sourcecode.c.h; path = CDImageTableViewCell.h; sourceTree = "<group>"; };
		E904F36F1FEB53F400E156ED /* CDTextTableViewCell.m */ = {isa = PBXFileReference; fileEncoding = 4; lastKnownFileType = sourcecode.c.objc; path = CDTextTableViewCell.m; sourceTree = "<group>"; };
		E904F3701FEB53F400E156ED /* CDBaseMsgCell.h */ = {isa = PBXFileReference; fileEncoding = 4; lastKnownFileType = sourcecode.c.h; path = CDBaseMsgCell.h; sourceTree = "<group>"; };
		E904F3711FEB53F400E156ED /* CDSystemTableViewCell.h */ = {isa = PBXFileReference; fileEncoding = 4; lastKnownFileType = sourcecode.c.h; path = CDSystemTableViewCell.h; sourceTree = "<group>"; };
		E904F3721FEB53F400E156ED /* CDImageTableViewCell.m */ = {isa = PBXFileReference; fileEncoding = 4; lastKnownFileType = sourcecode.c.objc; path = CDImageTableViewCell.m; sourceTree = "<group>"; };
		E904F3731FEB53F400E156ED /* CDTextTableViewCell.h */ = {isa = PBXFileReference; fileEncoding = 4; lastKnownFileType = sourcecode.c.h; path = CDTextTableViewCell.h; sourceTree = "<group>"; };
		E904F3741FEB53F400E156ED /* CDSystemTableViewCell.m */ = {isa = PBXFileReference; fileEncoding = 4; lastKnownFileType = sourcecode.c.objc; path = CDSystemTableViewCell.m; sourceTree = "<group>"; };
		E904F3751FEB53F400E156ED /* CDBaseMsgCell.m */ = {isa = PBXFileReference; fileEncoding = 4; lastKnownFileType = sourcecode.c.objc; path = CDBaseMsgCell.m; sourceTree = "<group>"; };
		E904F3771FEB53F400E156ED /* ChatListInfo.m */ = {isa = PBXFileReference; fileEncoding = 4; lastKnownFileType = sourcecode.c.objc; path = ChatListInfo.m; sourceTree = "<group>"; };
		E904F3781FEB53F400E156ED /* ChatListInfo.h */ = {isa = PBXFileReference; fileEncoding = 4; lastKnownFileType = sourcecode.c.h; path = ChatListInfo.h; sourceTree = "<group>"; };
		E904F3791FEB53F500E156ED /* CDChatListProtocols.h */ = {isa = PBXFileReference; fileEncoding = 4; lastKnownFileType = sourcecode.c.h; path = CDChatListProtocols.h; sourceTree = "<group>"; };
		E904F37A1FEB53F500E156ED /* AATChatList.h */ = {isa = PBXFileReference; fileEncoding = 4; lastKnownFileType = sourcecode.c.h; path = AATChatList.h; sourceTree = "<group>"; };
		E904F37B1FEB53F500E156ED /* CDChatMacro.h */ = {isa = PBXFileReference; fileEncoding = 4; lastKnownFileType = sourcecode.c.h; path = CDChatMacro.h; sourceTree = "<group>"; };
		E904F6251FEB628900E156ED /* UITool.h */ = {isa = PBXFileReference; fileEncoding = 4; lastKnownFileType = sourcecode.c.h; path = UITool.h; sourceTree = "<group>"; };
		E904F6261FEB628900E156ED /* AATWebImageOperation.h */ = {isa = PBXFileReference; fileEncoding = 4; lastKnownFileType = sourcecode.c.h; path = AATWebImageOperation.h; sourceTree = "<group>"; };
		E904F6271FEB628900E156ED /* AATWebImageManager.h */ = {isa = PBXFileReference; fileEncoding = 4; lastKnownFileType = sourcecode.c.h; path = AATWebImageManager.h; sourceTree = "<group>"; };
		E904F6281FEB628900E156ED /* AATWebImageDecoder.h */ = {isa = PBXFileReference; fileEncoding = 4; lastKnownFileType = sourcecode.c.h; path = AATWebImageDecoder.h; sourceTree = "<group>"; };
		E904F6291FEB628900E156ED /* CRMReachability.h */ = {isa = PBXFileReference; fileEncoding = 4; lastKnownFileType = sourcecode.c.h; path = CRMReachability.h; sourceTree = "<group>"; };
		E904F62A1FEB628900E156ED /* CRMCrash.h */ = {isa = PBXFileReference; fileEncoding = 4; lastKnownFileType = sourcecode.c.h; path = CRMCrash.h; sourceTree = "<group>"; };
		E904F62B1FEB628900E156ED /* NSImage+WebCache.h */ = {isa = PBXFileReference; fileEncoding = 4; lastKnownFileType = sourcecode.c.h; path = "NSImage+WebCache.h"; sourceTree = "<group>"; };
		E904F62C1FEB628900E156ED /* UIImageView+WebCache.h */ = {isa = PBXFileReference; fileEncoding = 4; lastKnownFileType = sourcecode.c.h; path = "UIImageView+WebCache.h"; sourceTree = "<group>"; };
		E904F62D1FEB628900E156ED /* NSData+ImageContentType.h */ = {isa = PBXFileReference; fileEncoding = 4; lastKnownFileType = sourcecode.c.h; path = "NSData+ImageContentType.h"; sourceTree = "<group>"; };
		E904F62E1FEB628900E156ED /* AATWebImageCompat.h */ = {isa = PBXFileReference; fileEncoding = 4; lastKnownFileType = sourcecode.c.h; path = AATWebImageCompat.h; sourceTree = "<group>"; };
		E904F62F1FEB628900E156ED /* AATImageCacheConfig.h */ = {isa = PBXFileReference; fileEncoding = 4; lastKnownFileType = sourcecode.c.h; path = AATImageCacheConfig.h; sourceTree = "<group>"; };
		E904F6301FEB628900E156ED /* UIView+CRM.h */ = {isa = PBXFileReference; fileEncoding = 4; lastKnownFileType = sourcecode.c.h; path = "UIView+CRM.h"; sourceTree = "<group>"; };
		E904F6311FEB628900E156ED /* NSString+Extend.h */ = {isa = PBXFileReference; fileEncoding = 4; lastKnownFileType = sourcecode.c.h; path = "NSString+Extend.h"; sourceTree = "<group>"; };
		E904F6321FEB628900E156ED /* AATImageCache.h */ = {isa = PBXFileReference; fileEncoding = 4; lastKnownFileType = sourcecode.c.h; path = AATImageCache.h; sourceTree = "<group>"; };
		E904F6331FEB628900E156ED /* UIButton+WebCache.h */ = {isa = PBXFileReference; fileEncoding = 4; lastKnownFileType = sourcecode.c.h; path = "UIButton+WebCache.h"; sourceTree = "<group>"; };
		E904F6341FEB628900E156ED /* NSMutableDictionary+checkNil.h */ = {isa = PBXFileReference; fileEncoding = 4; lastKnownFileType = sourcecode.c.h; path = "NSMutableDictionary+checkNil.h"; sourceTree = "<group>"; };
		E904F6351FEB628900E156ED /* UIView+WebCache.h */ = {isa = PBXFileReference; fileEncoding = 4; lastKnownFileType = sourcecode.c.h; path = "UIView+WebCache.h"; sourceTree = "<group>"; };
		E904F6361FEB628900E156ED /* UIView+WebCacheOperation.h */ = {isa = PBXFileReference; fileEncoding = 4; lastKnownFileType = sourcecode.c.h; path = "UIView+WebCacheOperation.h"; sourceTree = "<group>"; };
		E904F6371FEB628900E156ED /* NSDictionary+Description.h */ = {isa = PBXFileReference; fileEncoding = 4; lastKnownFileType = sourcecode.c.h; path = "NSDictionary+Description.h"; sourceTree = "<group>"; };
		E904F6381FEB628900E156ED /* NSDictionary+DictToJSON.h */ = {isa = PBXFileReference; fileEncoding = 4; lastKnownFileType = sourcecode.c.h; path = "NSDictionary+DictToJSON.h"; sourceTree = "<group>"; };
		E904F6391FEB628900E156ED /* UIScreen+CRM.h */ = {isa = PBXFileReference; fileEncoding = 4; lastKnownFileType = sourcecode.c.h; path = "UIScreen+CRM.h"; sourceTree = "<group>"; };
		E904F63A1FEB628900E156ED /* NSString+SLMFramework.h */ = {isa = PBXFileReference; fileEncoding = 4; lastKnownFileType = sourcecode.c.h; path = "NSString+SLMFramework.h"; sourceTree = "<group>"; };
		E904F63B1FEB628900E156ED /* AATWebImageDownloaderOperation.h */ = {isa = PBXFileReference; fileEncoding = 4; lastKnownFileType = sourcecode.c.h; path = AATWebImageDownloaderOperation.h; sourceTree = "<group>"; };
		E904F63C1FEB628900E156ED /* UIImageView+HighlightedWebCache.h */ = {isa = PBXFileReference; fileEncoding = 4; lastKnownFileType = sourcecode.c.h; path = "UIImageView+HighlightedWebCache.h"; sourceTree = "<group>"; };
		E904F63D1FEB628900E156ED /* AATHUD.h */ = {isa = PBXFileReference; fileEncoding = 4; lastKnownFileType = sourcecode.c.h; path = AATHUD.h; sourceTree = "<group>"; };
		E904F63E1FEB628900E156ED /* AATWebImageDownloader.h */ = {isa = PBXFileReference; fileEncoding = 4; lastKnownFileType = sourcecode.c.h; path = AATWebImageDownloader.h; sourceTree = "<group>"; };
		E904F63F1FEB628900E156ED /* NSArray+Description.h */ = {isa = PBXFileReference; fileEncoding = 4; lastKnownFileType = sourcecode.c.h; path = "NSArray+Description.h"; sourceTree = "<group>"; };
		E904F6401FEB628900E156ED /* AATUtility.h */ = {isa = PBXFileReference; fileEncoding = 4; lastKnownFileType = sourcecode.c.h; path = AATUtility.h; sourceTree = "<group>"; };
		E904F6411FEB628900E156ED /* CRMLog.h */ = {isa = PBXFileReference; fileEncoding = 4; lastKnownFileType = sourcecode.c.h; path = CRMLog.h; sourceTree = "<group>"; };
		E904F6421FEB628900E156ED /* UIImage+MultiFormat.h */ = {isa = PBXFileReference; fileEncoding = 4; lastKnownFileType = sourcecode.c.h; path = "UIImage+MultiFormat.h"; sourceTree = "<group>"; };
		E904F6431FEB628900E156ED /* NSString+AATString.h */ = {isa = PBXFileReference; fileEncoding = 4; lastKnownFileType = sourcecode.c.h; path = "NSString+AATString.h"; sourceTree = "<group>"; };
		E904F6441FEB628900E156ED /* UIImage+GIF.h */ = {isa = PBXFileReference; fileEncoding = 4; lastKnownFileType = sourcecode.c.h; path = "UIImage+GIF.h"; sourceTree = "<group>"; };
		E904F6451FEB628900E156ED /* AATWebImagePrefetcher.h */ = {isa = PBXFileReference; fileEncoding = 4; lastKnownFileType = sourcecode.c.h; path = AATWebImagePrefetcher.h; sourceTree = "<group>"; };
		E904F6901FEB65BA00E156ED /* libAATUtility.a */ = {isa = PBXFileReference; explicitFileType = archive.ar; path = libAATUtility.a; sourceTree = BUILT_PRODUCTS_DIR; };
		E904F6FE1FEB835100E156ED /* CTInputBoxDrawer.h */ = {isa = PBXFileReference; fileEncoding = 4; lastKnownFileType = sourcecode.c.h; path = CTInputBoxDrawer.h; sourceTree = "<group>"; };
		E904F6FF1FEB835100E156ED /* CTinputHelper.m */ = {isa = PBXFileReference; fileEncoding = 4; lastKnownFileType = sourcecode.c.objc; path = CTinputHelper.m; sourceTree = "<group>"; };
		E904F7001FEB835100E156ED /* CTInputConfiguration.h */ = {isa = PBXFileReference; fileEncoding = 4; lastKnownFileType = sourcecode.c.h; path = CTInputConfiguration.h; sourceTree = "<group>"; };
		E904F7011FEB835100E156ED /* CTInputBoxDrawer.m */ = {isa = PBXFileReference; fileEncoding = 4; lastKnownFileType = sourcecode.c.objc; path = CTInputBoxDrawer.m; sourceTree = "<group>"; };
		E904F7021FEB835100E156ED /* CTInputConfiguration.m */ = {isa = PBXFileReference; fileEncoding = 4; lastKnownFileType = sourcecode.c.objc; path = CTInputConfiguration.m; sourceTree = "<group>"; };
		E904F7031FEB835100E156ED /* CTinputHelper.h */ = {isa = PBXFileReference; fileEncoding = 4; lastKnownFileType = sourcecode.c.h; path = CTinputHelper.h; sourceTree = "<group>"; };
		E904F7041FEB835100E156ED /* CTInputView.m */ = {isa = PBXFileReference; fileEncoding = 4; lastKnownFileType = sourcecode.c.objc; path = CTInputView.m; sourceTree = "<group>"; };
		E904F7051FEB835100E156ED /* CTInputHeaders.h */ = {isa = PBXFileReference; fileEncoding = 4; lastKnownFileType = sourcecode.c.h; path = CTInputHeaders.h; sourceTree = "<group>"; };
		E904F7071FEB835100E156ED /* CTInputCaculator.m */ = {isa = PBXFileReference; fileEncoding = 4; lastKnownFileType = sourcecode.c.objc; path = CTInputCaculator.m; sourceTree = "<group>"; };
		E904F7081FEB835100E156ED /* CTInputCaculator.h */ = {isa = PBXFileReference; fileEncoding = 4; lastKnownFileType = sourcecode.c.h; path = CTInputCaculator.h; sourceTree = "<group>"; };
		E904F7091FEB835100E156ED /* CTInPutMacro.h */ = {isa = PBXFileReference; fileEncoding = 4; lastKnownFileType = sourcecode.c.h; path = CTInPutMacro.h; sourceTree = "<group>"; };
		E904F70A1FEB835100E156ED /* CTInputView.h */ = {isa = PBXFileReference; fileEncoding = 4; lastKnownFileType = sourcecode.c.h; path = CTInputView.h; sourceTree = "<group>"; };
		E904F70C1FEB835100E156ED /* CTEmojiKeyboard.h */ = {isa = PBXFileReference; fileEncoding = 4; lastKnownFileType = sourcecode.c.h; path = CTEmojiKeyboard.h; sourceTree = "<group>"; };
		E904F70D1FEB835100E156ED /* CTTextView.h */ = {isa = PBXFileReference; fileEncoding = 4; lastKnownFileType = sourcecode.c.h; path = CTTextView.h; sourceTree = "<group>"; };
		E904F70E1FEB835100E156ED /* CTMoreKeyBoard.m */ = {isa = PBXFileReference; fileEncoding = 4; lastKnownFileType = sourcecode.c.objc; path = CTMoreKeyBoard.m; sourceTree = "<group>"; };
		E904F70F1FEB835100E156ED /* CTEmojiKeyboard.m */ = {isa = PBXFileReference; fileEncoding = 4; lastKnownFileType = sourcecode.c.objc; path = CTEmojiKeyboard.m; sourceTree = "<group>"; };
		E904F7101FEB835100E156ED /* CTTextView.m */ = {isa = PBXFileReference; fileEncoding = 4; lastKnownFileType = sourcecode.c.objc; path = CTTextView.m; sourceTree = "<group>"; };
		E904F7111FEB835100E156ED /* CTMoreKeyBoard.h */ = {isa = PBXFileReference; fileEncoding = 4; lastKnownFileType = sourcecode.c.h; path = CTMoreKeyBoard.h; sourceTree = "<group>"; };
/* End PBXFileReference section */

/* Begin PBXFrameworksBuildPhase section */
		E904F3281FEB53C900E156ED /* Frameworks */ = {
			isa = PBXFrameworksBuildPhase;
			buildActionMask = 2147483647;
			files = (
				E904F68F1FEB65BA00E156ED /* libAATUtility.a in Frameworks */,
			);
			runOnlyForDeploymentPostprocessing = 0;
		};
/* End PBXFrameworksBuildPhase section */

/* Begin PBXGroup section */
		E904F3221FEB53C800E156ED = {
			isa = PBXGroup;
			children = (
				E904F32D1FEB53C900E156ED /* AATChatList */,
				E904F32C1FEB53C900E156ED /* Products */,
				E904F68E1FEB65BA00E156ED /* Frameworks */,
			);
			sourceTree = "<group>";
		};
		E904F32C1FEB53C900E156ED /* Products */ = {
			isa = PBXGroup;
			children = (
				E904F32B1FEB53C900E156ED /* libAATChatList.a */,
			);
			name = Products;
			sourceTree = "<group>";
		};
		E904F32D1FEB53C900E156ED /* AATChatList */ = {
			isa = PBXGroup;
			children = (
				E904F37A1FEB53F500E156ED /* AATChatList.h */,
				E904F4841FEB580500E156ED /* lib */,
				E904F3551FEB53F400E156ED /* CDChatList.h */,
				E904F36C1FEB53F400E156ED /* CDChatList.m */,
				E904F34D1FEB53F400E156ED /* CDChatListHeaders.h */,
				E904F3791FEB53F500E156ED /* CDChatListProtocols.h */,
				E904F37B1FEB53F500E156ED /* CDChatMacro.h */,
				E904F3371FEB53F400E156ED /* CDLabel */,
				E904F34A1FEB53F400E156ED /* CellLayout */,
				E904F34E1FEB53F400E156ED /* ChatConfiguration */,
				E904F3761FEB53F400E156ED /* ClickEvent */,
				E904F36D1FEB53F400E156ED /* MessageCell */,
			);
			path = AATChatList;
			sourceTree = "<group>";
		};
		E904F3371FEB53F400E156ED /* CDLabel */ = {
			isa = PBXGroup;
			children = (
				E904F3381FEB53F400E156ED /* CDLabel.m */,
				E904F3391FEB53F400E156ED /* Server */,
				E904F3401FEB53F400E156ED /* Models */,
				E904F3451FEB53F400E156ED /* CDLabel.h */,
				E904F3461FEB53F400E156ED /* View */,
				E904F3491FEB53F400E156ED /* CDLabelMacro.h */,
			);
			path = CDLabel;
			sourceTree = "<group>";
		};
		E904F3391FEB53F400E156ED /* Server */ = {
			isa = PBXGroup;
			children = (
				E904F33A1FEB53F400E156ED /* CoreTextUtils.m */,
				E904F33B1FEB53F400E156ED /* CTHelper.m */,
				E904F33C1FEB53F400E156ED /* CDTextParser.m */,
				E904F33D1FEB53F400E156ED /* CoreTextUtils.h */,
				E904F33E1FEB53F400E156ED /* CTHelper.h */,
				E904F33F1FEB53F400E156ED /* CDTextParser.h */,
			);
			path = Server;
			sourceTree = "<group>";
		};
		E904F3401FEB53F400E156ED /* Models */ = {
			isa = PBXGroup;
			children = (
				E904F3411FEB53F400E156ED /* CTClickInfo.h */,
				E904F3421FEB53F400E156ED /* CTData.m */,
				E904F3431FEB53F400E156ED /* CTClickInfo.m */,
				E904F3441FEB53F400E156ED /* CTData.h */,
			);
			path = Models;
			sourceTree = "<group>";
		};
		E904F3461FEB53F400E156ED /* View */ = {
			isa = PBXGroup;
			children = (
				E904F3471FEB53F400E156ED /* MagnifiterView.h */,
				E904F3481FEB53F400E156ED /* MagnifiterView.m */,
			);
			path = View;
			sourceTree = "<group>";
		};
		E904F34A1FEB53F400E156ED /* CellLayout */ = {
			isa = PBXGroup;
			children = (
				E904F34B1FEB53F400E156ED /* CellCaculator.h */,
				E904F34C1FEB53F400E156ED /* CellCaculator.m */,
			);
			path = CellLayout;
			sourceTree = "<group>";
		};
		E904F34E1FEB53F400E156ED /* ChatConfiguration */ = {
			isa = PBXGroup;
			children = (
				E904F3521FEB53F400E156ED /* ChatImageDrawer.h */,
				E904F34F1FEB53F400E156ED /* ChatImageDrawer.m */,
				E904F3501FEB53F400E156ED /* ChatHelpr.m */,
				E904F3511FEB53F400E156ED /* ChatConfiguration.h */,
				E904F3531FEB53F400E156ED /* ChatHelpr.h */,
				E904F3541FEB53F400E156ED /* ChatConfiguration.m */,
			);
			path = ChatConfiguration;
			sourceTree = "<group>";
		};
		E904F36D1FEB53F400E156ED /* MessageCell */ = {
			isa = PBXGroup;
			children = (
				E904F36E1FEB53F400E156ED /* CDImageTableViewCell.h */,
				E904F36F1FEB53F400E156ED /* CDTextTableViewCell.m */,
				E904F3701FEB53F400E156ED /* CDBaseMsgCell.h */,
				E904F3711FEB53F400E156ED /* CDSystemTableViewCell.h */,
				E904F3721FEB53F400E156ED /* CDImageTableViewCell.m */,
				E904F3731FEB53F400E156ED /* CDTextTableViewCell.h */,
				E904F3741FEB53F400E156ED /* CDSystemTableViewCell.m */,
				E904F3751FEB53F400E156ED /* CDBaseMsgCell.m */,
			);
			path = MessageCell;
			sourceTree = "<group>";
		};
		E904F3761FEB53F400E156ED /* ClickEvent */ = {
			isa = PBXGroup;
			children = (
				E904F3771FEB53F400E156ED /* ChatListInfo.m */,
				E904F3781FEB53F400E156ED /* ChatListInfo.h */,
			);
			path = ClickEvent;
			sourceTree = "<group>";
		};
		E904F4841FEB580500E156ED /* lib */ = {
			isa = PBXGroup;
			children = (
				E904F6FC1FEB835100E156ED /* CDChatInputBox */,
				E904F4FB1FEB5A1E00E156ED /* AATUtility */,
			);
			path = lib;
			sourceTree = "<group>";
		};
		E904F4FB1FEB5A1E00E156ED /* AATUtility */ = {
			isa = PBXGroup;
			children = (
				E904F6231FEB628900E156ED /* include */,
			);
			path = AATUtility;
			sourceTree = "<group>";
		};
		E904F6231FEB628900E156ED /* include */ = {
			isa = PBXGroup;
			children = (
				E904F6241FEB628900E156ED /* AATUtility */,
			);
			path = include;
			sourceTree = "<group>";
		};
		E904F6241FEB628900E156ED /* AATUtility */ = {
			isa = PBXGroup;
			children = (
				E904F6251FEB628900E156ED /* UITool.h */,
				E904F6261FEB628900E156ED /* AATWebImageOperation.h */,
				E904F6271FEB628900E156ED /* AATWebImageManager.h */,
				E904F6281FEB628900E156ED /* AATWebImageDecoder.h */,
				E904F6291FEB628900E156ED /* CRMReachability.h */,
				E904F62A1FEB628900E156ED /* CRMCrash.h */,
				E904F62B1FEB628900E156ED /* NSImage+WebCache.h */,
				E904F62C1FEB628900E156ED /* UIImageView+WebCache.h */,
				E904F62D1FEB628900E156ED /* NSData+ImageContentType.h */,
				E904F62E1FEB628900E156ED /* AATWebImageCompat.h */,
				E904F62F1FEB628900E156ED /* AATImageCacheConfig.h */,
				E904F6301FEB628900E156ED /* UIView+CRM.h */,
				E904F6311FEB628900E156ED /* NSString+Extend.h */,
				E904F6321FEB628900E156ED /* AATImageCache.h */,
				E904F6331FEB628900E156ED /* UIButton+WebCache.h */,
				E904F6341FEB628900E156ED /* NSMutableDictionary+checkNil.h */,
				E904F6351FEB628900E156ED /* UIView+WebCache.h */,
				E904F6361FEB628900E156ED /* UIView+WebCacheOperation.h */,
				E904F6371FEB628900E156ED /* NSDictionary+Description.h */,
				E904F6381FEB628900E156ED /* NSDictionary+DictToJSON.h */,
				E904F6391FEB628900E156ED /* UIScreen+CRM.h */,
				E904F63A1FEB628900E156ED /* NSString+SLMFramework.h */,
				E904F63B1FEB628900E156ED /* AATWebImageDownloaderOperation.h */,
				E904F63C1FEB628900E156ED /* UIImageView+HighlightedWebCache.h */,
				E904F63D1FEB628900E156ED /* AATHUD.h */,
				E904F63E1FEB628900E156ED /* AATWebImageDownloader.h */,
				E904F63F1FEB628900E156ED /* NSArray+Description.h */,
				E904F6401FEB628900E156ED /* AATUtility.h */,
				E904F6411FEB628900E156ED /* CRMLog.h */,
				E904F6421FEB628900E156ED /* UIImage+MultiFormat.h */,
				E904F6431FEB628900E156ED /* NSString+AATString.h */,
				E904F6441FEB628900E156ED /* UIImage+GIF.h */,
				E904F6451FEB628900E156ED /* AATWebImagePrefetcher.h */,
			);
			path = AATUtility;
			sourceTree = "<group>";
		};
		E904F68E1FEB65BA00E156ED /* Frameworks */ = {
			isa = PBXGroup;
			children = (
				E904F6901FEB65BA00E156ED /* libAATUtility.a */,
			);
			name = Frameworks;
			sourceTree = "<group>";
		};
		E904F6FC1FEB835100E156ED /* CDChatInputBox */ = {
			isa = PBXGroup;
			children = (
				E904F6FD1FEB835100E156ED /* configuration */,
				E904F70A1FEB835100E156ED /* CTInputView.h */,
				E904F7041FEB835100E156ED /* CTInputView.m */,
				E904F7051FEB835100E156ED /* CTInputHeaders.h */,
				E904F7061FEB835100E156ED /* Server */,
				E904F7091FEB835100E156ED /* CTInPutMacro.h */,
				E904F70B1FEB835100E156ED /* view */,
			);
			path = CDChatInputBox;
			sourceTree = "<group>";
		};
		E904F6FD1FEB835100E156ED /* configuration */ = {
			isa = PBXGroup;
			children = (
				E904F6FE1FEB835100E156ED /* CTInputBoxDrawer.h */,
				E904F7011FEB835100E156ED /* CTInputBoxDrawer.m */,
				E904F7031FEB835100E156ED /* CTinputHelper.h */,
				E904F6FF1FEB835100E156ED /* CTinputHelper.m */,
				E904F7001FEB835100E156ED /* CTInputConfiguration.h */,
				E904F7021FEB835100E156ED /* CTInputConfiguration.m */,
			);
			path = configuration;
			sourceTree = "<group>";
		};
		E904F7061FEB835100E156ED /* Server */ = {
			isa = PBXGroup;
			children = (
				E904F7071FEB835100E156ED /* CTInputCaculator.m */,
				E904F7081FEB835100E156ED /* CTInputCaculator.h */,
			);
			path = Server;
			sourceTree = "<group>";
		};
		E904F70B1FEB835100E156ED /* view */ = {
			isa = PBXGroup;
			children = (
				E904F70D1FEB835100E156ED /* CTTextView.h */,
				E904F7101FEB835100E156ED /* CTTextView.m */,
				E904F70C1FEB835100E156ED /* CTEmojiKeyboard.h */,
				E904F70F1FEB835100E156ED /* CTEmojiKeyboard.m */,
				E904F7111FEB835100E156ED /* CTMoreKeyBoard.h */,
				E904F70E1FEB835100E156ED /* CTMoreKeyBoard.m */,
			);
			path = view;
			sourceTree = "<group>";
		};
/* End PBXGroup section */

/* Begin PBXNativeTarget section */
		E904F32A1FEB53C900E156ED /* AATChatList */ = {
			isa = PBXNativeTarget;
			buildConfigurationList = E904F3341FEB53C900E156ED /* Build configuration list for PBXNativeTarget "AATChatList" */;
			buildPhases = (
				E904F3271FEB53C900E156ED /* Sources */,
				E904F3281FEB53C900E156ED /* Frameworks */,
				E904F3291FEB53C900E156ED /* CopyFiles */,
			);
			buildRules = (
			);
			dependencies = (
			);
			name = AATChatList;
			productName = AATChatList;
			productReference = E904F32B1FEB53C900E156ED /* libAATChatList.a */;
			productType = "com.apple.product-type.library.static";
		};
/* End PBXNativeTarget section */

/* Begin PBXProject section */
		E904F3231FEB53C800E156ED /* Project object */ = {
			isa = PBXProject;
			attributes = {
				LastUpgradeCheck = 0920;
				ORGANIZATIONNAME = aat;
				TargetAttributes = {
					E904F32A1FEB53C900E156ED = {
						CreatedOnToolsVersion = 9.2;
						ProvisioningStyle = Automatic;
					};
				};
			};
			buildConfigurationList = E904F3261FEB53C800E156ED /* Build configuration list for PBXProject "AATChatList" */;
			compatibilityVersion = "Xcode 8.0";
			developmentRegion = en;
			hasScannedForEncodings = 0;
			knownRegions = (
				en,
			);
			mainGroup = E904F3221FEB53C800E156ED;
			productRefGroup = E904F32C1FEB53C900E156ED /* Products */;
			projectDirPath = "";
			projectRoot = "";
			targets = (
				E904F32A1FEB53C900E156ED /* AATChatList */,
			);
		};
/* End PBXProject section */

/* Begin PBXSourcesBuildPhase section */
		E904F3271FEB53C900E156ED /* Sources */ = {
			isa = PBXSourcesBuildPhase;
			buildActionMask = 2147483647;
			files = (
				E904F7171FEB835100E156ED /* CTMoreKeyBoard.m in Sources */,
				E904F3921FEB53F500E156ED /* CDSystemTableViewCell.m in Sources */,
				E904F3841FEB53F500E156ED /* ChatImageDrawer.m in Sources */,
				E904F7131FEB835100E156ED /* CTInputBoxDrawer.m in Sources */,
				E904F3831FEB53F500E156ED /* CellCaculator.m in Sources */,
				E904F7161FEB835100E156ED /* CTInputCaculator.m in Sources */,
				E904F3941FEB53F500E156ED /* ChatListInfo.m in Sources */,
				E904F37C1FEB53F500E156ED /* CDLabel.m in Sources */,
				E904F7151FEB835100E156ED /* CTInputView.m in Sources */,
				E904F3861FEB53F500E156ED /* ChatConfiguration.m in Sources */,
				E904F7191FEB835100E156ED /* CTTextView.m in Sources */,
				E904F3851FEB53F500E156ED /* ChatHelpr.m in Sources */,
				E904F37E1FEB53F500E156ED /* CTHelper.m in Sources */,
				E904F3821FEB53F500E156ED /* MagnifiterView.m in Sources */,
				E904F37F1FEB53F500E156ED /* CDTextParser.m in Sources */,
				E904F3811FEB53F500E156ED /* CTClickInfo.m in Sources */,
				E904F7121FEB835100E156ED /* CTinputHelper.m in Sources */,
				E904F7181FEB835100E156ED /* CTEmojiKeyboard.m in Sources */,
				E904F3801FEB53F500E156ED /* CTData.m in Sources */,
				E904F3901FEB53F500E156ED /* CDTextTableViewCell.m in Sources */,
				E904F3931FEB53F500E156ED /* CDBaseMsgCell.m in Sources */,
				E904F7141FEB835100E156ED /* CTInputConfiguration.m in Sources */,
				E904F38F1FEB53F500E156ED /* CDChatList.m in Sources */,
				E904F3911FEB53F500E156ED /* CDImageTableViewCell.m in Sources */,
				E904F37D1FEB53F500E156ED /* CoreTextUtils.m in Sources */,
			);
			runOnlyForDeploymentPostprocessing = 0;
		};
/* End PBXSourcesBuildPhase section */

/* Begin XCBuildConfiguration section */
		E904F3321FEB53C900E156ED /* Debug */ = {
			isa = XCBuildConfiguration;
			buildSettings = {
				ALWAYS_SEARCH_USER_PATHS = NO;
				CLANG_ANALYZER_NONNULL = YES;
				CLANG_ANALYZER_NUMBER_OBJECT_CONVERSION = YES_AGGRESSIVE;
				CLANG_CXX_LANGUAGE_STANDARD = "gnu++14";
				CLANG_CXX_LIBRARY = "libc++";
				CLANG_ENABLE_MODULES = YES;
				CLANG_ENABLE_OBJC_ARC = YES;
				CLANG_WARN_BLOCK_CAPTURE_AUTORELEASING = YES;
				CLANG_WARN_BOOL_CONVERSION = YES;
				CLANG_WARN_COMMA = YES;
				CLANG_WARN_CONSTANT_CONVERSION = YES;
				CLANG_WARN_DIRECT_OBJC_ISA_USAGE = YES_ERROR;
				CLANG_WARN_DOCUMENTATION_COMMENTS = YES;
				CLANG_WARN_EMPTY_BODY = YES;
				CLANG_WARN_ENUM_CONVERSION = YES;
				CLANG_WARN_INFINITE_RECURSION = YES;
				CLANG_WARN_INT_CONVERSION = YES;
				CLANG_WARN_NON_LITERAL_NULL_CONVERSION = YES;
				CLANG_WARN_OBJC_LITERAL_CONVERSION = YES;
				CLANG_WARN_OBJC_ROOT_CLASS = YES_ERROR;
				CLANG_WARN_RANGE_LOOP_ANALYSIS = YES;
				CLANG_WARN_STRICT_PROTOTYPES = YES;
				CLANG_WARN_SUSPICIOUS_MOVE = YES;
				CLANG_WARN_UNGUARDED_AVAILABILITY = YES_AGGRESSIVE;
				CLANG_WARN_UNREACHABLE_CODE = YES;
				CLANG_WARN__DUPLICATE_METHOD_MATCH = YES;
				CODE_SIGN_IDENTITY = "iPhone Developer";
				COPY_PHASE_STRIP = NO;
				DEBUG_INFORMATION_FORMAT = dwarf;
				ENABLE_STRICT_OBJC_MSGSEND = YES;
				ENABLE_TESTABILITY = YES;
				GCC_C_LANGUAGE_STANDARD = gnu11;
				GCC_DYNAMIC_NO_PIC = NO;
				GCC_NO_COMMON_BLOCKS = YES;
				GCC_OPTIMIZATION_LEVEL = 0;
				GCC_PREPROCESSOR_DEFINITIONS = (
					"DEBUG=1",
					"$(inherited)",
				);
				GCC_WARN_64_TO_32_BIT_CONVERSION = YES;
				GCC_WARN_ABOUT_RETURN_TYPE = YES_ERROR;
				GCC_WARN_UNDECLARED_SELECTOR = YES;
				GCC_WARN_UNINITIALIZED_AUTOS = YES_AGGRESSIVE;
				GCC_WARN_UNUSED_FUNCTION = YES;
				GCC_WARN_UNUSED_VARIABLE = YES;
				IPHONEOS_DEPLOYMENT_TARGET = 11.2;
				MTL_ENABLE_DEBUG_INFO = YES;
				ONLY_ACTIVE_ARCH = YES;
				SDKROOT = iphoneos;
			};
			name = Debug;
		};
		E904F3331FEB53C900E156ED /* Release */ = {
			isa = XCBuildConfiguration;
			buildSettings = {
				ALWAYS_SEARCH_USER_PATHS = NO;
				CLANG_ANALYZER_NONNULL = YES;
				CLANG_ANALYZER_NUMBER_OBJECT_CONVERSION = YES_AGGRESSIVE;
				CLANG_CXX_LANGUAGE_STANDARD = "gnu++14";
				CLANG_CXX_LIBRARY = "libc++";
				CLANG_ENABLE_MODULES = YES;
				CLANG_ENABLE_OBJC_ARC = YES;
				CLANG_WARN_BLOCK_CAPTURE_AUTORELEASING = YES;
				CLANG_WARN_BOOL_CONVERSION = YES;
				CLANG_WARN_COMMA = YES;
				CLANG_WARN_CONSTANT_CONVERSION = YES;
				CLANG_WARN_DIRECT_OBJC_ISA_USAGE = YES_ERROR;
				CLANG_WARN_DOCUMENTATION_COMMENTS = YES;
				CLANG_WARN_EMPTY_BODY = YES;
				CLANG_WARN_ENUM_CONVERSION = YES;
				CLANG_WARN_INFINITE_RECURSION = YES;
				CLANG_WARN_INT_CONVERSION = YES;
				CLANG_WARN_NON_LITERAL_NULL_CONVERSION = YES;
				CLANG_WARN_OBJC_LITERAL_CONVERSION = YES;
				CLANG_WARN_OBJC_ROOT_CLASS = YES_ERROR;
				CLANG_WARN_RANGE_LOOP_ANALYSIS = YES;
				CLANG_WARN_STRICT_PROTOTYPES = YES;
				CLANG_WARN_SUSPICIOUS_MOVE = YES;
				CLANG_WARN_UNGUARDED_AVAILABILITY = YES_AGGRESSIVE;
				CLANG_WARN_UNREACHABLE_CODE = YES;
				CLANG_WARN__DUPLICATE_METHOD_MATCH = YES;
				CODE_SIGN_IDENTITY = "iPhone Developer";
				COPY_PHASE_STRIP = NO;
				DEBUG_INFORMATION_FORMAT = "dwarf-with-dsym";
				ENABLE_NS_ASSERTIONS = NO;
				ENABLE_STRICT_OBJC_MSGSEND = YES;
				GCC_C_LANGUAGE_STANDARD = gnu11;
				GCC_NO_COMMON_BLOCKS = YES;
				GCC_WARN_64_TO_32_BIT_CONVERSION = YES;
				GCC_WARN_ABOUT_RETURN_TYPE = YES_ERROR;
				GCC_WARN_UNDECLARED_SELECTOR = YES;
				GCC_WARN_UNINITIALIZED_AUTOS = YES_AGGRESSIVE;
				GCC_WARN_UNUSED_FUNCTION = YES;
				GCC_WARN_UNUSED_VARIABLE = YES;
				IPHONEOS_DEPLOYMENT_TARGET = 11.2;
				MTL_ENABLE_DEBUG_INFO = NO;
				SDKROOT = iphoneos;
				VALIDATE_PRODUCT = YES;
			};
			name = Release;
		};
		E904F3351FEB53C900E156ED /* Debug */ = {
			isa = XCBuildConfiguration;
			buildSettings = {
				CODE_SIGN_STYLE = Automatic;
				DEVELOPMENT_TEAM = 56W7P8272X;
				IPHONEOS_DEPLOYMENT_TARGET = 8.0;
				LIBRARY_SEARCH_PATHS = (
					"$(inherited)",
					"$(PROJECT_DIR)/AATChatList/lib/AATUtility",
					"$(PROJECT_DIR)/PAIM_SDK_iOS_2.3.0",
				);
				OTHER_LDFLAGS = "-ObjC";
				PRODUCT_NAME = "$(TARGET_NAME)";
				SKIP_INSTALL = YES;
				TARGETED_DEVICE_FAMILY = "1,2";
			};
			name = Debug;
		};
		E904F3361FEB53C900E156ED /* Release */ = {
			isa = XCBuildConfiguration;
			buildSettings = {
				CODE_SIGN_STYLE = Automatic;
				DEVELOPMENT_TEAM = 56W7P8272X;
				IPHONEOS_DEPLOYMENT_TARGET = 8.0;
				LIBRARY_SEARCH_PATHS = (
					"$(inherited)",
					"$(PROJECT_DIR)/AATChatList/lib/AATUtility",
					"$(PROJECT_DIR)/PAIM_SDK_iOS_2.3.0",
				);
				OTHER_LDFLAGS = "-ObjC";
				PRODUCT_NAME = "$(TARGET_NAME)";
				SKIP_INSTALL = YES;
				TARGETED_DEVICE_FAMILY = "1,2";
			};
			name = Release;
		};
/* End XCBuildConfiguration section */

/* Begin XCConfigurationList section */
		E904F3261FEB53C800E156ED /* Build configuration list for PBXProject "AATChatList" */ = {
			isa = XCConfigurationList;
			buildConfigurations = (
				E904F3321FEB53C900E156ED /* Debug */,
				E904F3331FEB53C900E156ED /* Release */,
			);
			defaultConfigurationIsVisible = 0;
			defaultConfigurationName = Release;
		};
		E904F3341FEB53C900E156ED /* Build configuration list for PBXNativeTarget "AATChatList" */ = {
			isa = XCConfigurationList;
			buildConfigurations = (
				E904F3351FEB53C900E156ED /* Debug */,
				E904F3361FEB53C900E156ED /* Release */,
			);
			defaultConfigurationIsVisible = 0;
			defaultConfigurationName = Release;
		};
/* End XCConfigurationList section */
	};
	rootObject = E904F3231FEB53C800E156ED /* Project object */;
}
