// !$*UTF8*$!
{
	archiveVersion = 1;
	classes = {
	};
	objectVersion = 48;
	objects = {

/* Begin PBXBuildFile section */
		E904F5951FEB5E6D00E156ED /* AppDelegate.m in Sources */ = {isa = PBXBuildFile; fileRef = E904F5941FEB5E6D00E156ED /* AppDelegate.m */; };
		E904F59B1FEB5E6D00E156ED /* Main.storyboard in Resources */ = {isa = PBXBuildFile; fileRef = E904F5991FEB5E6D00E156ED /* Main.storyboard */; };
		E904F59D1FEB5E6D00E156ED /* Assets.xcassets in Resources */ = {isa = PBXBuildFile; fileRef = E904F59C1FEB5E6D00E156ED /* Assets.xcassets */; };
		E904F5A01FEB5E6D00E156ED /* LaunchScreen.storyboard in Resources */ = {isa = PBXBuildFile; fileRef = E904F59E1FEB5E6D00E156ED /* LaunchScreen.storyboard */; };
		E904F5A31FEB5E6D00E156ED /* main.m in Sources */ = {isa = PBXBuildFile; fileRef = E904F5A21FEB5E6D00E156ED /* main.m */; };
		E904F5AD1FEB5E6D00E156ED /* ChatDemoTests.m in Sources */ = {isa = PBXBuildFile; fileRef = E904F5AC1FEB5E6D00E156ED /* ChatDemoTests.m */; };
		E904F5B81FEB5E6E00E156ED /* ChatDemoUITests.m in Sources */ = {isa = PBXBuildFile; fileRef = E904F5B71FEB5E6E00E156ED /* ChatDemoUITests.m */; };
		E904F5CF1FEB5E9600E156ED /* ViewController.m in Sources */ = {isa = PBXBuildFile; fileRef = E904F5C61FEB5E9500E156ED /* ViewController.m */; };
		E904F5D01FEB5E9600E156ED /* CDMessageModal.m in Sources */ = {isa = PBXBuildFile; fileRef = E904F5C81FEB5E9500E156ED /* CDMessageModal.m */; };
		E904F5D11FEB5E9600E156ED /* InputBoxViewController.m in Sources */ = {isa = PBXBuildFile; fileRef = E904F5CB1FEB5E9600E156ED /* InputBoxViewController.m */; };
		E904F5D21FEB5E9600E156ED /* Expression.bundle in Resources */ = {isa = PBXBuildFile; fileRef = E904F5CD1FEB5E9600E156ED /* Expression.bundle */; };
		E904F5D31FEB5E9600E156ED /* msgList.json in Resources */ = {isa = PBXBuildFile; fileRef = E904F5CE1FEB5E9600E156ED /* msgList.json */; };
		E904F68C1FEB658900E156ED /* libAATChatList.a in Frameworks */ = {isa = PBXBuildFile; fileRef = E904F68D1FEB658900E156ED /* libAATChatList.a */; };
		E904F6BE1FEB687D00E156ED /* libsqlite3.tbd in Frameworks */ = {isa = PBXBuildFile; fileRef = E904F6BC1FEB687D00E156ED /* libsqlite3.tbd */; };
		E904F6BF1FEB687D00E156ED /* libsqlite3.0.tbd in Frameworks */ = {isa = PBXBuildFile; fileRef = E904F6BD1FEB687D00E156ED /* libsqlite3.0.tbd */; };
		E904F6C11FEB688B00E156ED /* libc++.tbd in Frameworks */ = {isa = PBXBuildFile; fileRef = E904F6C01FEB688B00E156ED /* libc++.tbd */; };
		E904F6C31FEB68AB00E156ED /* libxml2.tbd in Frameworks */ = {isa = PBXBuildFile; fileRef = E904F6C21FEB68AB00E156ED /* libxml2.tbd */; };
		E904F6C51FEB68B900E156ED /* libz.tbd in Frameworks */ = {isa = PBXBuildFile; fileRef = E904F6C41FEB68B900E156ED /* libz.tbd */; };
		E904F6C71FEB68C400E156ED /* libresolv.tbd in Frameworks */ = {isa = PBXBuildFile; fileRef = E904F6C61FEB68C400E156ED /* libresolv.tbd */; };
		E904F71B1FEB97D200E156ED /* msgList2.json in Resources */ = {isa = PBXBuildFile; fileRef = E904F71A1FEB97D200E156ED /* msgList2.json */; };
/* End PBXBuildFile section */

/* Begin PBXContainerItemProxy section */
		E904F5A91FEB5E6D00E156ED /* PBXContainerItemProxy */ = {
			isa = PBXContainerItemProxy;
			containerPortal = E904F5881FEB5E6D00E156ED /* Project object */;
			proxyType = 1;
			remoteGlobalIDString = E904F58F1FEB5E6D00E156ED;
			remoteInfo = ChatDemo;
		};
		E904F5B41FEB5E6E00E156ED /* PBXContainerItemProxy */ = {
			isa = PBXContainerItemProxy;
			containerPortal = E904F5881FEB5E6D00E156ED /* Project object */;
			proxyType = 1;
			remoteGlobalIDString = E904F58F1FEB5E6D00E156ED;
			remoteInfo = ChatDemo;
		};
/* End PBXContainerItemProxy section */

/* Begin PBXFileReference section */
		E904F5901FEB5E6D00E156ED /* ChatDemo.app */ = {isa = PBXFileReference; explicitFileType = wrapper.application; includeInIndex = 0; path = ChatDemo.app; sourceTree = BUILT_PRODUCTS_DIR; };
		E904F5931FEB5E6D00E156ED /* AppDelegate.h */ = {isa = PBXFileReference; lastKnownFileType = sourcecode.c.h; path = AppDelegate.h; sourceTree = "<group>"; };
		E904F5941FEB5E6D00E156ED /* AppDelegate.m */ = {isa = PBXFileReference; lastKnownFileType = sourcecode.c.objc; path = AppDelegate.m; sourceTree = "<group>"; };
		E904F59A1FEB5E6D00E156ED /* Base */ = {isa = PBXFileReference; lastKnownFileType = file.storyboard; name = Base; path = Base.lproj/Main.storyboard; sourceTree = "<group>"; };
		E904F59C1FEB5E6D00E156ED /* Assets.xcassets */ = {isa = PBXFileReference; lastKnownFileType = folder.assetcatalog; path = Assets.xcassets; sourceTree = "<group>"; };
		E904F59F1FEB5E6D00E156ED /* Base */ = {isa = PBXFileReference; lastKnownFileType = file.storyboard; name = Base; path = Base.lproj/LaunchScreen.storyboard; sourceTree = "<group>"; };
		E904F5A11FEB5E6D00E156ED /* Info.plist */ = {isa = PBXFileReference; lastKnownFileType = text.plist.xml; path = Info.plist; sourceTree = "<group>"; };
		E904F5A21FEB5E6D00E156ED /* main.m */ = {isa = PBXFileReference; lastKnownFileType = sourcecode.c.objc; path = main.m; sourceTree = "<group>"; };
		E904F5A81FEB5E6D00E156ED /* ChatDemoTests.xctest */ = {isa = PBXFileReference; explicitFileType = wrapper.cfbundle; includeInIndex = 0; path = ChatDemoTests.xctest; sourceTree = BUILT_PRODUCTS_DIR; };
		E904F5AC1FEB5E6D00E156ED /* ChatDemoTests.m */ = {isa = PBXFileReference; lastKnownFileType = sourcecode.c.objc; path = ChatDemoTests.m; sourceTree = "<group>"; };
		E904F5AE1FEB5E6E00E156ED /* Info.plist */ = {isa = PBXFileReference; lastKnownFileType = text.plist.xml; path = Info.plist; sourceTree = "<group>"; };
		E904F5B31FEB5E6E00E156ED /* ChatDemoUITests.xctest */ = {isa = PBXFileReference; explicitFileType = wrapper.cfbundle; includeInIndex = 0; path = ChatDemoUITests.xctest; sourceTree = BUILT_PRODUCTS_DIR; };
		E904F5B71FEB5E6E00E156ED /* ChatDemoUITests.m */ = {isa = PBXFileReference; lastKnownFileType = sourcecode.c.objc; path = ChatDemoUITests.m; sourceTree = "<group>"; };
		E904F5B91FEB5E6E00E156ED /* Info.plist */ = {isa = PBXFileReference; lastKnownFileType = text.plist.xml; path = Info.plist; sourceTree = "<group>"; };
		E904F5C61FEB5E9500E156ED /* ViewController.m */ = {isa = PBXFileReference; fileEncoding = 4; lastKnownFileType = sourcecode.c.objc; path = ViewController.m; sourceTree = "<group>"; };
		E904F5C71FEB5E9500E156ED /* CDMessageModal.h */ = {isa = PBXFileReference; fileEncoding = 4; lastKnownFileType = sourcecode.c.h; path = CDMessageModal.h; sourceTree = "<group>"; };
		E904F5C81FEB5E9500E156ED /* CDMessageModal.m */ = {isa = PBXFileReference; fileEncoding = 4; lastKnownFileType = sourcecode.c.objc; path = CDMessageModal.m; sourceTree = "<group>"; };
		E904F5C91FEB5E9500E156ED /* ViewController.h */ = {isa = PBXFileReference; fileEncoding = 4; lastKnownFileType = sourcecode.c.h; path = ViewController.h; sourceTree = "<group>"; };
		E904F5CB1FEB5E9600E156ED /* InputBoxViewController.m */ = {isa = PBXFileReference; fileEncoding = 4; lastKnownFileType = sourcecode.c.objc; path = InputBoxViewController.m; sourceTree = "<group>"; };
		E904F5CC1FEB5E9600E156ED /* InputBoxViewController.h */ = {isa = PBXFileReference; fileEncoding = 4; lastKnownFileType = sourcecode.c.h; path = InputBoxViewController.h; sourceTree = "<group>"; };
		E904F5CD1FEB5E9600E156ED /* Expression.bundle */ = {isa = PBXFileReference; lastKnownFileType = "wrapper.plug-in"; path = Expression.bundle; sourceTree = "<group>"; };
		E904F5CE1FEB5E9600E156ED /* msgList.json */ = {isa = PBXFileReference; fileEncoding = 4; lastKnownFileType = text.json; path = msgList.json; sourceTree = "<group>"; };
		E904F6481FEB62BF00E156ED /* UITool.h */ = {isa = PBXFileReference; fileEncoding = 4; lastKnownFileType = sourcecode.c.h; path = UITool.h; sourceTree = "<group>"; };
		E904F6491FEB62BF00E156ED /* AATWebImageOperation.h */ = {isa = PBXFileReference; fileEncoding = 4; lastKnownFileType = sourcecode.c.h; path = AATWebImageOperation.h; sourceTree = "<group>"; };
		E904F64A1FEB62BF00E156ED /* AATWebImageManager.h */ = {isa = PBXFileReference; fileEncoding = 4; lastKnownFileType = sourcecode.c.h; path = AATWebImageManager.h; sourceTree = "<group>"; };
		E904F64B1FEB62BF00E156ED /* AATChatList.h */ = {isa = PBXFileReference; fileEncoding = 4; lastKnownFileType = sourcecode.c.h; path = AATChatList.h; sourceTree = "<group>"; };
		E904F64C1FEB62BF00E156ED /* CTEmojiKeyboard.h */ = {isa = PBXFileReference; fileEncoding = 4; lastKnownFileType = sourcecode.c.h; path = CTEmojiKeyboard.h; sourceTree = "<group>"; };
		E904F64D1FEB62BF00E156ED /* CDImageTableViewCell.h */ = {isa = PBXFileReference; fileEncoding = 4; lastKnownFileType = sourcecode.c.h; path = CDImageTableViewCell.h; sourceTree = "<group>"; };
		E904F64E1FEB62BF00E156ED /* AATWebImageDecoder.h */ = {isa = PBXFileReference; fileEncoding = 4; lastKnownFileType = sourcecode.c.h; path = AATWebImageDecoder.h; sourceTree = "<group>"; };
		E904F64F1FEB62BF00E156ED /* CRMReachability.h */ = {isa = PBXFileReference; fileEncoding = 4; lastKnownFileType = sourcecode.c.h; path = CRMReachability.h; sourceTree = "<group>"; };
		E904F6501FEB62BF00E156ED /* CRMCrash.h */ = {isa = PBXFileReference; fileEncoding = 4; lastKnownFileType = sourcecode.c.h; path = CRMCrash.h; sourceTree = "<group>"; };
		E904F6511FEB62BF00E156ED /* NSImage+WebCache.h */ = {isa = PBXFileReference; fileEncoding = 4; lastKnownFileType = sourcecode.c.h; path = "NSImage+WebCache.h"; sourceTree = "<group>"; };
		E904F6521FEB62BF00E156ED /* UIImageView+WebCache.h */ = {isa = PBXFileReference; fileEncoding = 4; lastKnownFileType = sourcecode.c.h; path = "UIImageView+WebCache.h"; sourceTree = "<group>"; };
		E904F6531FEB62BF00E156ED /* NSData+ImageContentType.h */ = {isa = PBXFileReference; fileEncoding = 4; lastKnownFileType = sourcecode.c.h; path = "NSData+ImageContentType.h"; sourceTree = "<group>"; };
		E904F6541FEB62BF00E156ED /* CTClickInfo.h */ = {isa = PBXFileReference; fileEncoding = 4; lastKnownFileType = sourcecode.c.h; path = CTClickInfo.h; sourceTree = "<group>"; };
		E904F6551FEB62BF00E156ED /* MagnifiterView.h */ = {isa = PBXFileReference; fileEncoding = 4; lastKnownFileType = sourcecode.c.h; path = MagnifiterView.h; sourceTree = "<group>"; };
		E904F6561FEB62BF00E156ED /* CTTextView.h */ = {isa = PBXFileReference; fileEncoding = 4; lastKnownFileType = sourcecode.c.h; path = CTTextView.h; sourceTree = "<group>"; };
		E904F6571FEB62BF00E156ED /* AATWebImageCompat.h */ = {isa = PBXFileReference; fileEncoding = 4; lastKnownFileType = sourcecode.c.h; path = AATWebImageCompat.h; sourceTree = "<group>"; };
		E904F6581FEB62BF00E156ED /* CTInputHeaders.h */ = {isa = PBXFileReference; fileEncoding = 4; lastKnownFileType = sourcecode.c.h; path = CTInputHeaders.h; sourceTree = "<group>"; };
		E904F6591FEB62BF00E156ED /* ChatConfiguration.h */ = {isa = PBXFileReference; fileEncoding = 4; lastKnownFileType = sourcecode.c.h; path = ChatConfiguration.h; sourceTree = "<group>"; };
		E904F65A1FEB62BF00E156ED /* CTInputBoxDrawer.h */ = {isa = PBXFileReference; fileEncoding = 4; lastKnownFileType = sourcecode.c.h; path = CTInputBoxDrawer.h; sourceTree = "<group>"; };
		E904F65B1FEB62BF00E156ED /* AATImageCacheConfig.h */ = {isa = PBXFileReference; fileEncoding = 4; lastKnownFileType = sourcecode.c.h; path = AATImageCacheConfig.h; sourceTree = "<group>"; };
		E904F65C1FEB62BF00E156ED /* UIView+CRM.h */ = {isa = PBXFileReference; fileEncoding = 4; lastKnownFileType = sourcecode.c.h; path = "UIView+CRM.h"; sourceTree = "<group>"; };
		E904F65D1FEB62BF00E156ED /* NSString+Extend.h */ = {isa = PBXFileReference; fileEncoding = 4; lastKnownFileType = sourcecode.c.h; path = "NSString+Extend.h"; sourceTree = "<group>"; };
		E904F65E1FEB62BF00E156ED /* CDChatMacro.h */ = {isa = PBXFileReference; fileEncoding = 4; lastKnownFileType = sourcecode.c.h; path = CDChatMacro.h; sourceTree = "<group>"; };
		E904F65F1FEB62BF00E156ED /* AATImageCache.h */ = {isa = PBXFileReference; fileEncoding = 4; lastKnownFileType = sourcecode.c.h; path = AATImageCache.h; sourceTree = "<group>"; };
		E904F6601FEB62BF00E156ED /* UIButton+WebCache.h */ = {isa = PBXFileReference; fileEncoding = 4; lastKnownFileType = sourcecode.c.h; path = "UIButton+WebCache.h"; sourceTree = "<group>"; };
		E904F6611FEB62BF00E156ED /* NSMutableDictionary+checkNil.h */ = {isa = PBXFileReference; fileEncoding = 4; lastKnownFileType = sourcecode.c.h; path = "NSMutableDictionary+checkNil.h"; sourceTree = "<group>"; };
		E904F6621FEB62BF00E156ED /* CDBaseMsgCell.h */ = {isa = PBXFileReference; fileEncoding = 4; lastKnownFileType = sourcecode.c.h; path = CDBaseMsgCell.h; sourceTree = "<group>"; };
		E904F6631FEB62BF00E156ED /* CTInputConfiguration.h */ = {isa = PBXFileReference; fileEncoding = 4; lastKnownFileType = sourcecode.c.h; path = CTInputConfiguration.h; sourceTree = "<group>"; };
		E904F6641FEB62BF00E156ED /* CellCaculator.h */ = {isa = PBXFileReference; fileEncoding = 4; lastKnownFileType = sourcecode.c.h; path = CellCaculator.h; sourceTree = "<group>"; };
		E904F6651FEB62BF00E156ED /* CDSystemTableViewCell.h */ = {isa = PBXFileReference; fileEncoding = 4; lastKnownFileType = sourcecode.c.h; path = CDSystemTableViewCell.h; sourceTree = "<group>"; };
		E904F6661FEB62BF00E156ED /* UIView+WebCache.h */ = {isa = PBXFileReference; fileEncoding = 4; lastKnownFileType = sourcecode.c.h; path = "UIView+WebCache.h"; sourceTree = "<group>"; };
		E904F6671FEB62BF00E156ED /* UIView+WebCacheOperation.h */ = {isa = PBXFileReference; fileEncoding = 4; lastKnownFileType = sourcecode.c.h; path = "UIView+WebCacheOperation.h"; sourceTree = "<group>"; };
		E904F6681FEB62BF00E156ED /* NSDictionary+Description.h */ = {isa = PBXFileReference; fileEncoding = 4; lastKnownFileType = sourcecode.c.h; path = "NSDictionary+Description.h"; sourceTree = "<group>"; };
		E904F6691FEB62BF00E156ED /* NSDictionary+DictToJSON.h */ = {isa = PBXFileReference; fileEncoding = 4; lastKnownFileType = sourcecode.c.h; path = "NSDictionary+DictToJSON.h"; sourceTree = "<group>"; };
		E904F66A1FEB62BF00E156ED /* ChatImageDrawer.h */ = {isa = PBXFileReference; fileEncoding = 4; lastKnownFileType = sourcecode.c.h; path = ChatImageDrawer.h; sourceTree = "<group>"; };
		E904F66B1FEB62BF00E156ED /* UIScreen+CRM.h */ = {isa = PBXFileReference; fileEncoding = 4; lastKnownFileType = sourcecode.c.h; path = "UIScreen+CRM.h"; sourceTree = "<group>"; };
		E904F66C1FEB62BF00E156ED /* CTInPutMacro.h */ = {isa = PBXFileReference; fileEncoding = 4; lastKnownFileType = sourcecode.c.h; path = CTInPutMacro.h; sourceTree = "<group>"; };
		E904F66D1FEB62BF00E156ED /* CoreTextUtils.h */ = {isa = PBXFileReference; fileEncoding = 4; lastKnownFileType = sourcecode.c.h; path = CoreTextUtils.h; sourceTree = "<group>"; };
		E904F66E1FEB62BF00E156ED /* NSString+SLMFramework.h */ = {isa = PBXFileReference; fileEncoding = 4; lastKnownFileType = sourcecode.c.h; path = "NSString+SLMFramework.h"; sourceTree = "<group>"; };
		E904F66F1FEB62BF00E156ED /* CTInputCaculator.h */ = {isa = PBXFileReference; fileEncoding = 4; lastKnownFileType = sourcecode.c.h; path = CTInputCaculator.h; sourceTree = "<group>"; };
		E904F6701FEB62BF00E156ED /* AATWebImageDownloaderOperation.h */ = {isa = PBXFileReference; fileEncoding = 4; lastKnownFileType = sourcecode.c.h; path = AATWebImageDownloaderOperation.h; sourceTree = "<group>"; };
		E904F6711FEB62BF00E156ED /* CDLabel.h */ = {isa = PBXFileReference; fileEncoding = 4; lastKnownFileType = sourcecode.c.h; path = CDLabel.h; sourceTree = "<group>"; };
		E904F6721FEB62BF00E156ED /* UIImageView+HighlightedWebCache.h */ = {isa = PBXFileReference; fileEncoding = 4; lastKnownFileType = sourcecode.c.h; path = "UIImageView+HighlightedWebCache.h"; sourceTree = "<group>"; };
		E904F6731FEB62BF00E156ED /* CDTextTableViewCell.h */ = {isa = PBXFileReference; fileEncoding = 4; lastKnownFileType = sourcecode.c.h; path = CDTextTableViewCell.h; sourceTree = "<group>"; };
		E904F6741FEB62BF00E156ED /* CTInputView.h */ = {isa = PBXFileReference; fileEncoding = 4; lastKnownFileType = sourcecode.c.h; path = CTInputView.h; sourceTree = "<group>"; };
		E904F6751FEB62BF00E156ED /* AATHUD.h */ = {isa = PBXFileReference; fileEncoding = 4; lastKnownFileType = sourcecode.c.h; path = AATHUD.h; sourceTree = "<group>"; };
		E904F6761FEB62BF00E156ED /* ChatHelpr.h */ = {isa = PBXFileReference; fileEncoding = 4; lastKnownFileType = sourcecode.c.h; path = ChatHelpr.h; sourceTree = "<group>"; };
		E904F6771FEB62BF00E156ED /* CDChatListHeaders.h */ = {isa = PBXFileReference; fileEncoding = 4; lastKnownFileType = sourcecode.c.h; path = CDChatListHeaders.h; sourceTree = "<group>"; };
		E904F6781FEB62BF00E156ED /* AATWebImageDownloader.h */ = {isa = PBXFileReference; fileEncoding = 4; lastKnownFileType = sourcecode.c.h; path = AATWebImageDownloader.h; sourceTree = "<group>"; };
		E904F6791FEB62BF00E156ED /* CTHelper.h */ = {isa = PBXFileReference; fileEncoding = 4; lastKnownFileType = sourcecode.c.h; path = CTHelper.h; sourceTree = "<group>"; };
		E904F67A1FEB62BF00E156ED /* CDChatListProtocols.h */ = {isa = PBXFileReference; fileEncoding = 4; lastKnownFileType = sourcecode.c.h; path = CDChatListProtocols.h; sourceTree = "<group>"; };
		E904F67B1FEB62BF00E156ED /* CDLabelMacro.h */ = {isa = PBXFileReference; fileEncoding = 4; lastKnownFileType = sourcecode.c.h; path = CDLabelMacro.h; sourceTree = "<group>"; };
		E904F67C1FEB62BF00E156ED /* NSArray+Description.h */ = {isa = PBXFileReference; fileEncoding = 4; lastKnownFileType = sourcecode.c.h; path = "NSArray+Description.h"; sourceTree = "<group>"; };
		E904F67D1FEB62BF00E156ED /* CTData.h */ = {isa = PBXFileReference; fileEncoding = 4; lastKnownFileType = sourcecode.c.h; path = CTData.h; sourceTree = "<group>"; };
		E904F67E1FEB62BF00E156ED /* AATUtility.h */ = {isa = PBXFileReference; fileEncoding = 4; lastKnownFileType = sourcecode.c.h; path = AATUtility.h; sourceTree = "<group>"; };
		E904F67F1FEB62BF00E156ED /* CTMoreKeyBoard.h */ = {isa = PBXFileReference; fileEncoding = 4; lastKnownFileType = sourcecode.c.h; path = CTMoreKeyBoard.h; sourceTree = "<group>"; };
		E904F6801FEB62BF00E156ED /* CDChatList.h */ = {isa = PBXFileReference; fileEncoding = 4; lastKnownFileType = sourcecode.c.h; path = CDChatList.h; sourceTree = "<group>"; };
		E904F6811FEB62BF00E156ED /* CDTextParser.h */ = {isa = PBXFileReference; fileEncoding = 4; lastKnownFileType = sourcecode.c.h; path = CDTextParser.h; sourceTree = "<group>"; };
		E904F6821FEB62BF00E156ED /* CRMLog.h */ = {isa = PBXFileReference; fileEncoding = 4; lastKnownFileType = sourcecode.c.h; path = CRMLog.h; sourceTree = "<group>"; };
		E904F6831FEB62BF00E156ED /* CTinputHelper.h */ = {isa = PBXFileReference; fileEncoding = 4; lastKnownFileType = sourcecode.c.h; path = CTinputHelper.h; sourceTree = "<group>"; };
		E904F6841FEB62BF00E156ED /* UIImage+MultiFormat.h */ = {isa = PBXFileReference; fileEncoding = 4; lastKnownFileType = sourcecode.c.h; path = "UIImage+MultiFormat.h"; sourceTree = "<group>"; };
		E904F6851FEB62BF00E156ED /* ChatListInfo.h */ = {isa = PBXFileReference; fileEncoding = 4; lastKnownFileType = sourcecode.c.h; path = ChatListInfo.h; sourceTree = "<group>"; };
		E904F6861FEB62BF00E156ED /* NSString+AATString.h */ = {isa = PBXFileReference; fileEncoding = 4; lastKnownFileType = sourcecode.c.h; path = "NSString+AATString.h"; sourceTree = "<group>"; };
		E904F6871FEB62BF00E156ED /* UIImage+GIF.h */ = {isa = PBXFileReference; fileEncoding = 4; lastKnownFileType = sourcecode.c.h; path = "UIImage+GIF.h"; sourceTree = "<group>"; };
		E904F6881FEB62BF00E156ED /* AATWebImagePrefetcher.h */ = {isa = PBXFileReference; fileEncoding = 4; lastKnownFileType = sourcecode.c.h; path = AATWebImagePrefetcher.h; sourceTree = "<group>"; };
		E904F68D1FEB658900E156ED /* libAATChatList.a */ = {isa = PBXFileReference; explicitFileType = archive.ar; path = libAATChatList.a; sourceTree = BUILT_PRODUCTS_DIR; };
		E904F6BC1FEB687D00E156ED /* libsqlite3.tbd */ = {isa = PBXFileReference; lastKnownFileType = "sourcecode.text-based-dylib-definition"; name = libsqlite3.tbd; path = usr/lib/libsqlite3.tbd; sourceTree = SDKROOT; };
		E904F6BD1FEB687D00E156ED /* libsqlite3.0.tbd */ = {isa = PBXFileReference; lastKnownFileType = "sourcecode.text-based-dylib-definition"; name = libsqlite3.0.tbd; path = usr/lib/libsqlite3.0.tbd; sourceTree = SDKROOT; };
		E904F6C01FEB688B00E156ED /* libc++.tbd */ = {isa = PBXFileReference; lastKnownFileType = "sourcecode.text-based-dylib-definition"; name = "libc++.tbd"; path = "usr/lib/libc++.tbd"; sourceTree = SDKROOT; };
		E904F6C21FEB68AB00E156ED /* libxml2.tbd */ = {isa = PBXFileReference; lastKnownFileType = "sourcecode.text-based-dylib-definition"; name = libxml2.tbd; path = usr/lib/libxml2.tbd; sourceTree = SDKROOT; };
		E904F6C41FEB68B900E156ED /* libz.tbd */ = {isa = PBXFileReference; lastKnownFileType = "sourcecode.text-based-dylib-definition"; name = libz.tbd; path = usr/lib/libz.tbd; sourceTree = SDKROOT; };
		E904F6C61FEB68C400E156ED /* libresolv.tbd */ = {isa = PBXFileReference; lastKnownFileType = "sourcecode.text-based-dylib-definition"; name = libresolv.tbd; path = usr/lib/libresolv.tbd; sourceTree = SDKROOT; };
		E904F6C81FEB68D600E156ED /* libicucore.tbd */ = {isa = PBXFileReference; lastKnownFileType = "sourcecode.text-based-dylib-definition"; name = libicucore.tbd; path = usr/lib/libicucore.tbd; sourceTree = SDKROOT; };
		E904F71A1FEB97D200E156ED /* msgList2.json */ = {isa = PBXFileReference; fileEncoding = 4; lastKnownFileType = text.json; path = msgList2.json; sourceTree = "<group>"; };
/* End PBXFileReference section */

/* Begin PBXFrameworksBuildPhase section */
		E904F58D1FEB5E6D00E156ED /* Frameworks */ = {
			isa = PBXFrameworksBuildPhase;
			buildActionMask = 2147483647;
			files = (
				E904F6C71FEB68C400E156ED /* libresolv.tbd in Frameworks */,
				E904F6C51FEB68B900E156ED /* libz.tbd in Frameworks */,
				E904F6C31FEB68AB00E156ED /* libxml2.tbd in Frameworks */,
				E904F6C11FEB688B00E156ED /* libc++.tbd in Frameworks */,
				E904F6BE1FEB687D00E156ED /* libsqlite3.tbd in Frameworks */,
				E904F6BF1FEB687D00E156ED /* libsqlite3.0.tbd in Frameworks */,
				E904F68C1FEB658900E156ED /* libAATChatList.a in Frameworks */,
			);
			runOnlyForDeploymentPostprocessing = 0;
		};
		E904F5A51FEB5E6D00E156ED /* Frameworks */ = {
			isa = PBXFrameworksBuildPhase;
			buildActionMask = 2147483647;
			files = (
			);
			runOnlyForDeploymentPostprocessing = 0;
		};
		E904F5B01FEB5E6E00E156ED /* Frameworks */ = {
			isa = PBXFrameworksBuildPhase;
			buildActionMask = 2147483647;
			files = (
			);
			runOnlyForDeploymentPostprocessing = 0;
		};
/* End PBXFrameworksBuildPhase section */

/* Begin PBXGroup section */
		E904F5871FEB5E6D00E156ED = {
			isa = PBXGroup;
			children = (
				E904F5921FEB5E6D00E156ED /* ChatDemo */,
				E904F5AB1FEB5E6D00E156ED /* ChatDemoTests */,
				E904F5B61FEB5E6E00E156ED /* ChatDemoUITests */,
				E904F5911FEB5E6D00E156ED /* Products */,
				E904F68B1FEB658900E156ED /* Frameworks */,
			);
			sourceTree = "<group>";
		};
		E904F5911FEB5E6D00E156ED /* Products */ = {
			isa = PBXGroup;
			children = (
				E904F5901FEB5E6D00E156ED /* ChatDemo.app */,
				E904F5A81FEB5E6D00E156ED /* ChatDemoTests.xctest */,
				E904F5B31FEB5E6E00E156ED /* ChatDemoUITests.xctest */,
			);
			name = Products;
			sourceTree = "<group>";
		};
		E904F5921FEB5E6D00E156ED /* ChatDemo */ = {
			isa = PBXGroup;
			children = (
				E904F5931FEB5E6D00E156ED /* AppDelegate.h */,
				E904F5941FEB5E6D00E156ED /* AppDelegate.m */,
				E904F5D71FEB5EE100E156ED /* libs */,
				E904F5C51FEB5E9500E156ED /* chat */,
				E904F5CA1FEB5E9600E156ED /* input */,
				E904F5CE1FEB5E9600E156ED /* msgList.json */,
				E904F71A1FEB97D200E156ED /* msgList2.json */,
				E904F5CD1FEB5E9600E156ED /* Expression.bundle */,
				E904F5991FEB5E6D00E156ED /* Main.storyboard */,
				E904F59C1FEB5E6D00E156ED /* Assets.xcassets */,
				E904F59E1FEB5E6D00E156ED /* LaunchScreen.storyboard */,
				E904F5A11FEB5E6D00E156ED /* Info.plist */,
				E904F5A21FEB5E6D00E156ED /* main.m */,
			);
			path = ChatDemo;
			sourceTree = "<group>";
		};
		E904F5AB1FEB5E6D00E156ED /* ChatDemoTests */ = {
			isa = PBXGroup;
			children = (
				E904F5AC1FEB5E6D00E156ED /* ChatDemoTests.m */,
				E904F5AE1FEB5E6E00E156ED /* Info.plist */,
			);
			path = ChatDemoTests;
			sourceTree = "<group>";
		};
		E904F5B61FEB5E6E00E156ED /* ChatDemoUITests */ = {
			isa = PBXGroup;
			children = (
				E904F5B71FEB5E6E00E156ED /* ChatDemoUITests.m */,
				E904F5B91FEB5E6E00E156ED /* Info.plist */,
			);
			path = ChatDemoUITests;
			sourceTree = "<group>";
		};
		E904F5C51FEB5E9500E156ED /* chat */ = {
			isa = PBXGroup;
			children = (
				E904F5C91FEB5E9500E156ED /* ViewController.h */,
				E904F5C61FEB5E9500E156ED /* ViewController.m */,
				E904F5C71FEB5E9500E156ED /* CDMessageModal.h */,
				E904F5C81FEB5E9500E156ED /* CDMessageModal.m */,
			);
			path = chat;
			sourceTree = "<group>";
		};
		E904F5CA1FEB5E9600E156ED /* input */ = {
			isa = PBXGroup;
			children = (
				E904F5CB1FEB5E9600E156ED /* InputBoxViewController.m */,
				E904F5CC1FEB5E9600E156ED /* InputBoxViewController.h */,
			);
			path = input;
			sourceTree = "<group>";
		};
		E904F5D71FEB5EE100E156ED /* libs */ = {
			isa = PBXGroup;
			children = (
				E904F6471FEB62BE00E156ED /* AATChatList */,
			);
			path = libs;
			sourceTree = "<group>";
		};
		E904F6471FEB62BE00E156ED /* AATChatList */ = {
			isa = PBXGroup;
			children = (
				E904F6481FEB62BF00E156ED /* UITool.h */,
				E904F6491FEB62BF00E156ED /* AATWebImageOperation.h */,
				E904F64A1FEB62BF00E156ED /* AATWebImageManager.h */,
				E904F64B1FEB62BF00E156ED /* AATChatList.h */,
				E904F64C1FEB62BF00E156ED /* CTEmojiKeyboard.h */,
				E904F64D1FEB62BF00E156ED /* CDImageTableViewCell.h */,
				E904F64E1FEB62BF00E156ED /* AATWebImageDecoder.h */,
				E904F64F1FEB62BF00E156ED /* CRMReachability.h */,
				E904F6501FEB62BF00E156ED /* CRMCrash.h */,
				E904F6511FEB62BF00E156ED /* NSImage+WebCache.h */,
				E904F6521FEB62BF00E156ED /* UIImageView+WebCache.h */,
				E904F6531FEB62BF00E156ED /* NSData+ImageContentType.h */,
				E904F6541FEB62BF00E156ED /* CTClickInfo.h */,
				E904F6551FEB62BF00E156ED /* MagnifiterView.h */,
				E904F6561FEB62BF00E156ED /* CTTextView.h */,
				E904F6571FEB62BF00E156ED /* AATWebImageCompat.h */,
				E904F6581FEB62BF00E156ED /* CTInputHeaders.h */,
				E904F6591FEB62BF00E156ED /* ChatConfiguration.h */,
				E904F65A1FEB62BF00E156ED /* CTInputBoxDrawer.h */,
				E904F65B1FEB62BF00E156ED /* AATImageCacheConfig.h */,
				E904F65C1FEB62BF00E156ED /* UIView+CRM.h */,
				E904F65D1FEB62BF00E156ED /* NSString+Extend.h */,
				E904F65E1FEB62BF00E156ED /* CDChatMacro.h */,
				E904F65F1FEB62BF00E156ED /* AATImageCache.h */,
				E904F6601FEB62BF00E156ED /* UIButton+WebCache.h */,
				E904F6611FEB62BF00E156ED /* NSMutableDictionary+checkNil.h */,
				E904F6621FEB62BF00E156ED /* CDBaseMsgCell.h */,
				E904F6631FEB62BF00E156ED /* CTInputConfiguration.h */,
				E904F6641FEB62BF00E156ED /* CellCaculator.h */,
				E904F6651FEB62BF00E156ED /* CDSystemTableViewCell.h */,
				E904F6661FEB62BF00E156ED /* UIView+WebCache.h */,
				E904F6671FEB62BF00E156ED /* UIView+WebCacheOperation.h */,
				E904F6681FEB62BF00E156ED /* NSDictionary+Description.h */,
				E904F6691FEB62BF00E156ED /* NSDictionary+DictToJSON.h */,
				E904F66A1FEB62BF00E156ED /* ChatImageDrawer.h */,
				E904F66B1FEB62BF00E156ED /* UIScreen+CRM.h */,
				E904F66C1FEB62BF00E156ED /* CTInPutMacro.h */,
				E904F66D1FEB62BF00E156ED /* CoreTextUtils.h */,
				E904F66E1FEB62BF00E156ED /* NSString+SLMFramework.h */,
				E904F66F1FEB62BF00E156ED /* CTInputCaculator.h */,
				E904F6701FEB62BF00E156ED /* AATWebImageDownloaderOperation.h */,
				E904F6711FEB62BF00E156ED /* CDLabel.h */,
				E904F6721FEB62BF00E156ED /* UIImageView+HighlightedWebCache.h */,
				E904F6731FEB62BF00E156ED /* CDTextTableViewCell.h */,
				E904F6741FEB62BF00E156ED /* CTInputView.h */,
				E904F6751FEB62BF00E156ED /* AATHUD.h */,
				E904F6761FEB62BF00E156ED /* ChatHelpr.h */,
				E904F6771FEB62BF00E156ED /* CDChatListHeaders.h */,
				E904F6781FEB62BF00E156ED /* AATWebImageDownloader.h */,
				E904F6791FEB62BF00E156ED /* CTHelper.h */,
				E904F67A1FEB62BF00E156ED /* CDChatListProtocols.h */,
				E904F67B1FEB62BF00E156ED /* CDLabelMacro.h */,
				E904F67C1FEB62BF00E156ED /* NSArray+Description.h */,
				E904F67D1FEB62BF00E156ED /* CTData.h */,
				E904F67E1FEB62BF00E156ED /* AATUtility.h */,
				E904F67F1FEB62BF00E156ED /* CTMoreKeyBoard.h */,
				E904F6801FEB62BF00E156ED /* CDChatList.h */,
				E904F6811FEB62BF00E156ED /* CDTextParser.h */,
				E904F6821FEB62BF00E156ED /* CRMLog.h */,
				E904F6831FEB62BF00E156ED /* CTinputHelper.h */,
				E904F6841FEB62BF00E156ED /* UIImage+MultiFormat.h */,
				E904F6851FEB62BF00E156ED /* ChatListInfo.h */,
				E904F6861FEB62BF00E156ED /* NSString+AATString.h */,
				E904F6871FEB62BF00E156ED /* UIImage+GIF.h */,
				E904F6881FEB62BF00E156ED /* AATWebImagePrefetcher.h */,
			);
			path = AATChatList;
			sourceTree = "<group>";
		};
		E904F68B1FEB658900E156ED /* Frameworks */ = {
			isa = PBXGroup;
			children = (
				E904F6C81FEB68D600E156ED /* libicucore.tbd */,
				E904F6C61FEB68C400E156ED /* libresolv.tbd */,
				E904F6C41FEB68B900E156ED /* libz.tbd */,
				E904F6C21FEB68AB00E156ED /* libxml2.tbd */,
				E904F6C01FEB688B00E156ED /* libc++.tbd */,
				E904F6BD1FEB687D00E156ED /* libsqlite3.0.tbd */,
				E904F6BC1FEB687D00E156ED /* libsqlite3.tbd */,
				E904F68D1FEB658900E156ED /* libAATChatList.a */,
			);
			name = Frameworks;
			sourceTree = "<group>";
		};
/* End PBXGroup section */

/* Begin PBXNativeTarget section */
		E904F58F1FEB5E6D00E156ED /* ChatDemo */ = {
			isa = PBXNativeTarget;
			buildConfigurationList = E904F5BC1FEB5E6E00E156ED /* Build configuration list for PBXNativeTarget "ChatDemo" */;
			buildPhases = (
				E904F58C1FEB5E6D00E156ED /* Sources */,
				E904F58D1FEB5E6D00E156ED /* Frameworks */,
				E904F58E1FEB5E6D00E156ED /* Resources */,
			);
			buildRules = (
			);
			dependencies = (
			);
			name = ChatDemo;
			productName = ChatDemo;
			productReference = E904F5901FEB5E6D00E156ED /* ChatDemo.app */;
			productType = "com.apple.product-type.application";
		};
		E904F5A71FEB5E6D00E156ED /* ChatDemoTests */ = {
			isa = PBXNativeTarget;
			buildConfigurationList = E904F5BF1FEB5E6E00E156ED /* Build configuration list for PBXNativeTarget "ChatDemoTests" */;
			buildPhases = (
				E904F5A41FEB5E6D00E156ED /* Sources */,
				E904F5A51FEB5E6D00E156ED /* Frameworks */,
				E904F5A61FEB5E6D00E156ED /* Resources */,
			);
			buildRules = (
			);
			dependencies = (
				E904F5AA1FEB5E6D00E156ED /* PBXTargetDependency */,
			);
			name = ChatDemoTests;
			productName = ChatDemoTests;
			productReference = E904F5A81FEB5E6D00E156ED /* ChatDemoTests.xctest */;
			productType = "com.apple.product-type.bundle.unit-test";
		};
		E904F5B21FEB5E6E00E156ED /* ChatDemoUITests */ = {
			isa = PBXNativeTarget;
			buildConfigurationList = E904F5C21FEB5E6E00E156ED /* Build configuration list for PBXNativeTarget "ChatDemoUITests" */;
			buildPhases = (
				E904F5AF1FEB5E6E00E156ED /* Sources */,
				E904F5B01FEB5E6E00E156ED /* Frameworks */,
				E904F5B11FEB5E6E00E156ED /* Resources */,
			);
			buildRules = (
			);
			dependencies = (
				E904F5B51FEB5E6E00E156ED /* PBXTargetDependency */,
			);
			name = ChatDemoUITests;
			productName = ChatDemoUITests;
			productReference = E904F5B31FEB5E6E00E156ED /* ChatDemoUITests.xctest */;
			productType = "com.apple.product-type.bundle.ui-testing";
		};
/* End PBXNativeTarget section */

/* Begin PBXProject section */
		E904F5881FEB5E6D00E156ED /* Project object */ = {
			isa = PBXProject;
			attributes = {
				LastUpgradeCheck = 0920;
				ORGANIZATIONNAME = aat;
				TargetAttributes = {
					E904F58F1FEB5E6D00E156ED = {
						CreatedOnToolsVersion = 9.2;
						ProvisioningStyle = Automatic;
					};
					E904F5A71FEB5E6D00E156ED = {
						CreatedOnToolsVersion = 9.2;
						ProvisioningStyle = Automatic;
						TestTargetID = E904F58F1FEB5E6D00E156ED;
					};
					E904F5B21FEB5E6E00E156ED = {
						CreatedOnToolsVersion = 9.2;
						ProvisioningStyle = Automatic;
						TestTargetID = E904F58F1FEB5E6D00E156ED;
					};
				};
			};
			buildConfigurationList = E904F58B1FEB5E6D00E156ED /* Build configuration list for PBXProject "ChatDemo" */;
			compatibilityVersion = "Xcode 8.0";
			developmentRegion = en;
			hasScannedForEncodings = 0;
			knownRegions = (
				en,
				Base,
			);
			mainGroup = E904F5871FEB5E6D00E156ED;
			productRefGroup = E904F5911FEB5E6D00E156ED /* Products */;
			projectDirPath = "";
			projectRoot = "";
			targets = (
				E904F58F1FEB5E6D00E156ED /* ChatDemo */,
				E904F5A71FEB5E6D00E156ED /* ChatDemoTests */,
				E904F5B21FEB5E6E00E156ED /* ChatDemoUITests */,
			);
		};
/* End PBXProject section */

/* Begin PBXResourcesBuildPhase section */
		E904F58E1FEB5E6D00E156ED /* Resources */ = {
			isa = PBXResourcesBuildPhase;
			buildActionMask = 2147483647;
			files = (
				E904F5A01FEB5E6D00E156ED /* LaunchScreen.storyboard in Resources */,
				E904F5D21FEB5E9600E156ED /* Expression.bundle in Resources */,
				E904F71B1FEB97D200E156ED /* msgList2.json in Resources */,
				E904F5D31FEB5E9600E156ED /* msgList.json in Resources */,
				E904F59D1FEB5E6D00E156ED /* Assets.xcassets in Resources */,
				E904F59B1FEB5E6D00E156ED /* Main.storyboard in Resources */,
			);
			runOnlyForDeploymentPostprocessing = 0;
		};
		E904F5A61FEB5E6D00E156ED /* Resources */ = {
			isa = PBXResourcesBuildPhase;
			buildActionMask = 2147483647;
			files = (
			);
			runOnlyForDeploymentPostprocessing = 0;
		};
		E904F5B11FEB5E6E00E156ED /* Resources */ = {
			isa = PBXResourcesBuildPhase;
			buildActionMask = 2147483647;
			files = (
			);
			runOnlyForDeploymentPostprocessing = 0;
		};
/* End PBXResourcesBuildPhase section */

/* Begin PBXSourcesBuildPhase section */
		E904F58C1FEB5E6D00E156ED /* Sources */ = {
			isa = PBXSourcesBuildPhase;
			buildActionMask = 2147483647;
			files = (
				E904F5D11FEB5E9600E156ED /* InputBoxViewController.m in Sources */,
				E904F5D01FEB5E9600E156ED /* CDMessageModal.m in Sources */,
				E904F5CF1FEB5E9600E156ED /* ViewController.m in Sources */,
				E904F5A31FEB5E6D00E156ED /* main.m in Sources */,
				E904F5951FEB5E6D00E156ED /* AppDelegate.m in Sources */,
			);
			runOnlyForDeploymentPostprocessing = 0;
		};
		E904F5A41FEB5E6D00E156ED /* Sources */ = {
			isa = PBXSourcesBuildPhase;
			buildActionMask = 2147483647;
			files = (
				E904F5AD1FEB5E6D00E156ED /* ChatDemoTests.m in Sources */,
			);
			runOnlyForDeploymentPostprocessing = 0;
		};
		E904F5AF1FEB5E6E00E156ED /* Sources */ = {
			isa = PBXSourcesBuildPhase;
			buildActionMask = 2147483647;
			files = (
				E904F5B81FEB5E6E00E156ED /* ChatDemoUITests.m in Sources */,
			);
			runOnlyForDeploymentPostprocessing = 0;
		};
/* End PBXSourcesBuildPhase section */

/* Begin PBXTargetDependency section */
		E904F5AA1FEB5E6D00E156ED /* PBXTargetDependency */ = {
			isa = PBXTargetDependency;
			target = E904F58F1FEB5E6D00E156ED /* ChatDemo */;
			targetProxy = E904F5A91FEB5E6D00E156ED /* PBXContainerItemProxy */;
		};
		E904F5B51FEB5E6E00E156ED /* PBXTargetDependency */ = {
			isa = PBXTargetDependency;
			target = E904F58F1FEB5E6D00E156ED /* ChatDemo */;
			targetProxy = E904F5B41FEB5E6E00E156ED /* PBXContainerItemProxy */;
		};
/* End PBXTargetDependency section */

/* Begin PBXVariantGroup section */
		E904F5991FEB5E6D00E156ED /* Main.storyboard */ = {
			isa = PBXVariantGroup;
			children = (
				E904F59A1FEB5E6D00E156ED /* Base */,
			);
			name = Main.storyboard;
			sourceTree = "<group>";
		};
		E904F59E1FEB5E6D00E156ED /* LaunchScreen.storyboard */ = {
			isa = PBXVariantGroup;
			children = (
				E904F59F1FEB5E6D00E156ED /* Base */,
			);
			name = LaunchScreen.storyboard;
			sourceTree = "<group>";
		};
/* End PBXVariantGroup section */

/* Begin XCBuildConfiguration section */
		E904F5BA1FEB5E6E00E156ED /* Debug */ = {
			isa = XCBuildConfiguration;
			buildSettings = {
				ALWAYS_SEARCH_USER_PATHS = NO;
				CLANG_ANALYZER_NONNULL = YES;
				CLANG_ANALYZER_NUMBER_OBJECT_CONVERSION = YES_AGGRESSIVE;
				CLANG_CXX_LANGUAGE_STANDARD = "gnu++14";
				CLANG_CXX_LIBRARY = "libc++";
				CLANG_ENABLE_MODULES = YES;
				CLANG_ENABLE_OBJC_ARC = YES;
				CLANG_WARN_BLOCK_CAPTURE_AUTORELEASING = YES;
				CLANG_WARN_BOOL_CONVERSION = YES;
				CLANG_WARN_COMMA = YES;
				CLANG_WARN_CONSTANT_CONVERSION = YES;
				CLANG_WARN_DIRECT_OBJC_ISA_USAGE = YES_ERROR;
				CLANG_WARN_DOCUMENTATION_COMMENTS = YES;
				CLANG_WARN_EMPTY_BODY = YES;
				CLANG_WARN_ENUM_CONVERSION = YES;
				CLANG_WARN_INFINITE_RECURSION = YES;
				CLANG_WARN_INT_CONVERSION = YES;
				CLANG_WARN_NON_LITERAL_NULL_CONVERSION = YES;
				CLANG_WARN_OBJC_LITERAL_CONVERSION = YES;
				CLANG_WARN_OBJC_ROOT_CLASS = YES_ERROR;
				CLANG_WARN_RANGE_LOOP_ANALYSIS = YES;
				CLANG_WARN_STRICT_PROTOTYPES = YES;
				CLANG_WARN_SUSPICIOUS_MOVE = YES;
				CLANG_WARN_UNGUARDED_AVAILABILITY = YES_AGGRESSIVE;
				CLANG_WARN_UNREACHABLE_CODE = YES;
				CLANG_WARN__DUPLICATE_METHOD_MATCH = YES;
				CODE_SIGN_IDENTITY = "iPhone Developer";
				COPY_PHASE_STRIP = NO;
				DEBUG_INFORMATION_FORMAT = dwarf;
				ENABLE_STRICT_OBJC_MSGSEND = YES;
				ENABLE_TESTABILITY = YES;
				GCC_C_LANGUAGE_STANDARD = gnu11;
				GCC_DYNAMIC_NO_PIC = NO;
				GCC_NO_COMMON_BLOCKS = YES;
				GCC_OPTIMIZATION_LEVEL = 0;
				GCC_PREPROCESSOR_DEFINITIONS = (
					"DEBUG=1",
					"$(inherited)",
				);
				GCC_WARN_64_TO_32_BIT_CONVERSION = YES;
				GCC_WARN_ABOUT_RETURN_TYPE = YES_ERROR;
				GCC_WARN_UNDECLARED_SELECTOR = YES;
				GCC_WARN_UNINITIALIZED_AUTOS = YES_AGGRESSIVE;
				GCC_WARN_UNUSED_FUNCTION = YES;
				GCC_WARN_UNUSED_VARIABLE = YES;
				IPHONEOS_DEPLOYMENT_TARGET = 11.2;
				MTL_ENABLE_DEBUG_INFO = YES;
				ONLY_ACTIVE_ARCH = YES;
				SDKROOT = iphoneos;
			};
			name = Debug;
		};
		E904F5BB1FEB5E6E00E156ED /* Release */ = {
			isa = XCBuildConfiguration;
			buildSettings = {
				ALWAYS_SEARCH_USER_PATHS = NO;
				CLANG_ANALYZER_NONNULL = YES;
				CLANG_ANALYZER_NUMBER_OBJECT_CONVERSION = YES_AGGRESSIVE;
				CLANG_CXX_LANGUAGE_STANDARD = "gnu++14";
				CLANG_CXX_LIBRARY = "libc++";
				CLANG_ENABLE_MODULES = YES;
				CLANG_ENABLE_OBJC_ARC = YES;
				CLANG_WARN_BLOCK_CAPTURE_AUTORELEASING = YES;
				CLANG_WARN_BOOL_CONVERSION = YES;
				CLANG_WARN_COMMA = YES;
				CLANG_WARN_CONSTANT_CONVERSION = YES;
				CLANG_WARN_DIRECT_OBJC_ISA_USAGE = YES_ERROR;
				CLANG_WARN_DOCUMENTATION_COMMENTS = YES;
				CLANG_WARN_EMPTY_BODY = YES;
				CLANG_WARN_ENUM_CONVERSION = YES;
				CLANG_WARN_INFINITE_RECURSION = YES;
				CLANG_WARN_INT_CONVERSION = YES;
				CLANG_WARN_NON_LITERAL_NULL_CONVERSION = YES;
				CLANG_WARN_OBJC_LITERAL_CONVERSION = YES;
				CLANG_WARN_OBJC_ROOT_CLASS = YES_ERROR;
				CLANG_WARN_RANGE_LOOP_ANALYSIS = YES;
				CLANG_WARN_STRICT_PROTOTYPES = YES;
				CLANG_WARN_SUSPICIOUS_MOVE = YES;
				CLANG_WARN_UNGUARDED_AVAILABILITY = YES_AGGRESSIVE;
				CLANG_WARN_UNREACHABLE_CODE = YES;
				CLANG_WARN__DUPLICATE_METHOD_MATCH = YES;
				CODE_SIGN_IDENTITY = "iPhone Developer";
				COPY_PHASE_STRIP = NO;
				DEBUG_INFORMATION_FORMAT = "dwarf-with-dsym";
				ENABLE_NS_ASSERTIONS = NO;
				ENABLE_STRICT_OBJC_MSGSEND = YES;
				GCC_C_LANGUAGE_STANDARD = gnu11;
				GCC_NO_COMMON_BLOCKS = YES;
				GCC_WARN_64_TO_32_BIT_CONVERSION = YES;
				GCC_WARN_ABOUT_RETURN_TYPE = YES_ERROR;
				GCC_WARN_UNDECLARED_SELECTOR = YES;
				GCC_WARN_UNINITIALIZED_AUTOS = YES_AGGRESSIVE;
				GCC_WARN_UNUSED_FUNCTION = YES;
				GCC_WARN_UNUSED_VARIABLE = YES;
				IPHONEOS_DEPLOYMENT_TARGET = 11.2;
				MTL_ENABLE_DEBUG_INFO = NO;
				SDKROOT = iphoneos;
				VALIDATE_PRODUCT = YES;
			};
			name = Release;
		};
		E904F5BD1FEB5E6E00E156ED /* Debug */ = {
			isa = XCBuildConfiguration;
			buildSettings = {
				ASSETCATALOG_COMPILER_APPICON_NAME = AppIcon;
				CODE_SIGN_STYLE = Automatic;
				DEVELOPMENT_TEAM = 56W7P8272X;
				INFOPLIST_FILE = ChatDemo/Info.plist;
				IPHONEOS_DEPLOYMENT_TARGET = 8.0;
				LD_RUNPATH_SEARCH_PATHS = "$(inherited) @executable_path/Frameworks";
				LIBRARY_SEARCH_PATHS = (
					"$(inherited)",
					"$(PROJECT_DIR)/ChatDemo/libs",
				);
				OTHER_LDFLAGS = "-ObjC";
				PRODUCT_BUNDLE_IDENTIFIER = aat.ChatDemo;
				PRODUCT_NAME = "$(TARGET_NAME)";
				TARGETED_DEVICE_FAMILY = "1,2";
			};
			name = Debug;
		};
		E904F5BE1FEB5E6E00E156ED /* Release */ = {
			isa = XCBuildConfiguration;
			buildSettings = {
				ASSETCATALOG_COMPILER_APPICON_NAME = AppIcon;
				CODE_SIGN_STYLE = Automatic;
				DEVELOPMENT_TEAM = 56W7P8272X;
				INFOPLIST_FILE = ChatDemo/Info.plist;
				IPHONEOS_DEPLOYMENT_TARGET = 8.0;
				LD_RUNPATH_SEARCH_PATHS = "$(inherited) @executable_path/Frameworks";
				LIBRARY_SEARCH_PATHS = (
					"$(inherited)",
					"$(PROJECT_DIR)/ChatDemo/libs",
				);
				OTHER_LDFLAGS = "-ObjC";
				PRODUCT_BUNDLE_IDENTIFIER = aat.ChatDemo;
				PRODUCT_NAME = "$(TARGET_NAME)";
				TARGETED_DEVICE_FAMILY = "1,2";
			};
			name = Release;
		};
		E904F5C01FEB5E6E00E156ED /* Debug */ = {
			isa = XCBuildConfiguration;
			buildSettings = {
				BUNDLE_LOADER = "$(TEST_HOST)";
				CODE_SIGN_STYLE = Automatic;
				DEVELOPMENT_TEAM = 56W7P8272X;
				INFOPLIST_FILE = ChatDemoTests/Info.plist;
				LD_RUNPATH_SEARCH_PATHS = "$(inherited) @executable_path/Frameworks @loader_path/Frameworks";
				PRODUCT_BUNDLE_IDENTIFIER = aat.ChatDemoTests;
				PRODUCT_NAME = "$(TARGET_NAME)";
				TARGETED_DEVICE_FAMILY = "1,2";
				TEST_HOST = "$(BUILT_PRODUCTS_DIR)/ChatDemo.app/ChatDemo";
			};
			name = Debug;
		};
		E904F5C11FEB5E6E00E156ED /* Release */ = {
			isa = XCBuildConfiguration;
			buildSettings = {
				BUNDLE_LOADER = "$(TEST_HOST)";
				CODE_SIGN_STYLE = Automatic;
				DEVELOPMENT_TEAM = 56W7P8272X;
				INFOPLIST_FILE = ChatDemoTests/Info.plist;
				LD_RUNPATH_SEARCH_PATHS = "$(inherited) @executable_path/Frameworks @loader_path/Frameworks";
				PRODUCT_BUNDLE_IDENTIFIER = aat.ChatDemoTests;
				PRODUCT_NAME = "$(TARGET_NAME)";
				TARGETED_DEVICE_FAMILY = "1,2";
				TEST_HOST = "$(BUILT_PRODUCTS_DIR)/ChatDemo.app/ChatDemo";
			};
			name = Release;
		};
		E904F5C31FEB5E6E00E156ED /* Debug */ = {
			isa = XCBuildConfiguration;
			buildSettings = {
				CODE_SIGN_STYLE = Automatic;
				DEVELOPMENT_TEAM = 56W7P8272X;
				INFOPLIST_FILE = ChatDemoUITests/Info.plist;
				LD_RUNPATH_SEARCH_PATHS = "$(inherited) @executable_path/Frameworks @loader_path/Frameworks";
				PRODUCT_BUNDLE_IDENTIFIER = aat.ChatDemoUITests;
				PRODUCT_NAME = "$(TARGET_NAME)";
				TARGETED_DEVICE_FAMILY = "1,2";
				TEST_TARGET_NAME = ChatDemo;
			};
			name = Debug;
		};
		E904F5C41FEB5E6E00E156ED /* Release */ = {
			isa = XCBuildConfiguration;
			buildSettings = {
				CODE_SIGN_STYLE = Automatic;
				DEVELOPMENT_TEAM = 56W7P8272X;
				INFOPLIST_FILE = ChatDemoUITests/Info.plist;
				LD_RUNPATH_SEARCH_PATHS = "$(inherited) @executable_path/Frameworks @loader_path/Frameworks";
				PRODUCT_BUNDLE_IDENTIFIER = aat.ChatDemoUITests;
				PRODUCT_NAME = "$(TARGET_NAME)";
				TARGETED_DEVICE_FAMILY = "1,2";
				TEST_TARGET_NAME = ChatDemo;
			};
			name = Release;
		};
/* End XCBuildConfiguration section */

/* Begin XCConfigurationList section */
		E904F58B1FEB5E6D00E156ED /* Build configuration list for PBXProject "ChatDemo" */ = {
			isa = XCConfigurationList;
			buildConfigurations = (
				E904F5BA1FEB5E6E00E156ED /* Debug */,
				E904F5BB1FEB5E6E00E156ED /* Release */,
			);
			defaultConfigurationIsVisible = 0;
			defaultConfigurationName = Release;
		};
		E904F5BC1FEB5E6E00E156ED /* Build configuration list for PBXNativeTarget "ChatDemo" */ = {
			isa = XCConfigurationList;
			buildConfigurations = (
				E904F5BD1FEB5E6E00E156ED /* Debug */,
				E904F5BE1FEB5E6E00E156ED /* Release */,
			);
			defaultConfigurationIsVisible = 0;
			defaultConfigurationName = Release;
		};
		E904F5BF1FEB5E6E00E156ED /* Build configuration list for PBXNativeTarget "ChatDemoTests" */ = {
			isa = XCConfigurationList;
			buildConfigurations = (
				E904F5C01FEB5E6E00E156ED /* Debug */,
				E904F5C11FEB5E6E00E156ED /* Release */,
			);
			defaultConfigurationIsVisible = 0;
			defaultConfigurationName = Release;
		};
		E904F5C21FEB5E6E00E156ED /* Build configuration list for PBXNativeTarget "ChatDemoUITests" */ = {
			isa = XCConfigurationList;
			buildConfigurations = (
				E904F5C31FEB5E6E00E156ED /* Debug */,
				E904F5C41FEB5E6E00E156ED /* Release */,
			);
			defaultConfigurationIsVisible = 0;
			defaultConfigurationName = Release;
		};
/* End XCConfigurationList section */
	};
	rootObject = E904F5881FEB5E6D00E156ED /* Project object */;
}
